// !$*UTF8*$!
{
	archiveVersion = 1;
	classes = {
	};
	objectVersion = 52;
	objects = {

/* Begin PBXBuildFile section */
		90635E98236C380100DF16E6 /* MidiNotesPlayer.swift in Sources */ = {isa = PBXBuildFile; fileRef = 90635E97236C380100DF16E6 /* MidiNotesPlayer.swift */; };
		9083086B236AE56C00DBC014 /* AppDelegate.swift in Sources */ = {isa = PBXBuildFile; fileRef = 9083086A236AE56C00DBC014 /* AppDelegate.swift */; };
		9083086D236AE56C00DBC014 /* SceneDelegate.swift in Sources */ = {isa = PBXBuildFile; fileRef = 9083086C236AE56C00DBC014 /* SceneDelegate.swift */; };
		90830871236AE56D00DBC014 /* Assets.xcassets in Resources */ = {isa = PBXBuildFile; fileRef = 90830870236AE56D00DBC014 /* Assets.xcassets */; };
		90830874236AE56D00DBC014 /* Preview Assets.xcassets in Resources */ = {isa = PBXBuildFile; fileRef = 90830873236AE56D00DBC014 /* Preview Assets.xcassets */; };
		90830877236AE56D00DBC014 /* LaunchScreen.storyboard in Resources */ = {isa = PBXBuildFile; fileRef = 90830875236AE56D00DBC014 /* LaunchScreen.storyboard */; };
		90830882236AE56D00DBC014 /* DJ_DrumTests.swift in Sources */ = {isa = PBXBuildFile; fileRef = 90830881236AE56D00DBC014 /* DJ_DrumTests.swift */; };
		908308B6236AE68C00DBC014 /* MidiError.swift in Sources */ = {isa = PBXBuildFile; fileRef = 9083088E236AE68C00DBC014 /* MidiError.swift */; };
		908308B7236AE68C00DBC014 /* MidiPatch.swift in Sources */ = {isa = PBXBuildFile; fileRef = 90830890236AE68C00DBC014 /* MidiPatch.swift */; };
		908308B8236AE68C00DBC014 /* GMPatch.swift in Sources */ = {isa = PBXBuildFile; fileRef = 90830891236AE68C00DBC014 /* GMPatch.swift */; };
		908308B9236AE68C00DBC014 /* PatchFamily.swift in Sources */ = {isa = PBXBuildFile; fileRef = 90830892236AE68C00DBC014 /* PatchFamily.swift */; };
		908308BA236AE68C00DBC014 /* MidiExtendedNoteOnEvent.swift in Sources */ = {isa = PBXBuildFile; fileRef = 90830894236AE68C00DBC014 /* MidiExtendedNoteOnEvent.swift */; };
		908308BB236AE68C00DBC014 /* MidiAUPresetEvent.swift in Sources */ = {isa = PBXBuildFile; fileRef = 90830895236AE68C00DBC014 /* MidiAUPresetEvent.swift */; };
		908308BC236AE68C00DBC014 /* MidiChannelMessage.swift in Sources */ = {isa = PBXBuildFile; fileRef = 90830896236AE68C00DBC014 /* MidiChannelMessage.swift */; };
		908308BD236AE68C00DBC014 /* EventProtocol.swift in Sources */ = {isa = PBXBuildFile; fileRef = 90830897236AE68C00DBC014 /* EventProtocol.swift */; };
		908308BE236AE68C00DBC014 /* MidiRawData.swift in Sources */ = {isa = PBXBuildFile; fileRef = 90830898236AE68C00DBC014 /* MidiRawData.swift */; };
		908308BF236AE68C00DBC014 /* MidiParameterEvent.swift in Sources */ = {isa = PBXBuildFile; fileRef = 90830899236AE68C00DBC014 /* MidiParameterEvent.swift */; };
		908308C0236AE68C00DBC014 /* EventInfo.swift in Sources */ = {isa = PBXBuildFile; fileRef = 9083089A236AE68C00DBC014 /* EventInfo.swift */; };
		908308C1236AE68C00DBC014 /* MidiTimeSignature.swift in Sources */ = {isa = PBXBuildFile; fileRef = 9083089C236AE68C00DBC014 /* MidiTimeSignature.swift */; };
		908308C2236AE68C00DBC014 /* MetaEventProtocol.swift in Sources */ = {isa = PBXBuildFile; fileRef = 9083089D236AE68C00DBC014 /* MetaEventProtocol.swift */; };
		908308C3236AE68C00DBC014 /* MetaEvent.swift in Sources */ = {isa = PBXBuildFile; fileRef = 9083089E236AE68C00DBC014 /* MetaEvent.swift */; };
		908308C4236AE68C00DBC014 /* MidiLyric.swift in Sources */ = {isa = PBXBuildFile; fileRef = 9083089F236AE68C00DBC014 /* MidiLyric.swift */; };
		908308C5236AE68C00DBC014 /* MetaEventType.swift in Sources */ = {isa = PBXBuildFile; fileRef = 908308A0236AE68C00DBC014 /* MetaEventType.swift */; };
		908308C6236AE68C00DBC014 /* MidiKeySignature.swift in Sources */ = {isa = PBXBuildFile; fileRef = 908308A2236AE68C00DBC014 /* MidiKeySignature.swift */; };
		908308C7236AE68C00DBC014 /* KeySignature.swift in Sources */ = {isa = PBXBuildFile; fileRef = 908308A3236AE68C00DBC014 /* KeySignature.swift */; };
		908308C8236AE68C00DBC014 /* MidiNote.swift in Sources */ = {isa = PBXBuildFile; fileRef = 908308A4236AE68C00DBC014 /* MidiNote.swift */; };
		908308C9236AE68C00DBC014 /* MidiEventType.swift in Sources */ = {isa = PBXBuildFile; fileRef = 908308A5236AE68C00DBC014 /* MidiEventType.swift */; };
		908308CA236AE68C00DBC014 /* MidiEventUserData.swift in Sources */ = {isa = PBXBuildFile; fileRef = 908308A6236AE68C00DBC014 /* MidiEventUserData.swift */; };
		908308CB236AE68C00DBC014 /* MidiExtendedTempo.swift in Sources */ = {isa = PBXBuildFile; fileRef = 908308A7236AE68C00DBC014 /* MidiExtendedTempo.swift */; };
		908308CC236AE68C00DBC014 /* MidiTempoTrack.swift in Sources */ = {isa = PBXBuildFile; fileRef = 908308A9236AE68C00DBC014 /* MidiTempoTrack.swift */; };
		908308CD236AE68C00DBC014 /* SequenceTrackProperty.swift in Sources */ = {isa = PBXBuildFile; fileRef = 908308AA236AE68C00DBC014 /* SequenceTrackProperty.swift */; };
		908308CE236AE68C00DBC014 /* MidiTrack.swift in Sources */ = {isa = PBXBuildFile; fileRef = 908308AB236AE68C00DBC014 /* MidiTrack.swift */; };
		908308CF236AE68C00DBC014 /* MidiNoteTrack.swift in Sources */ = {isa = PBXBuildFile; fileRef = 908308AC236AE68C00DBC014 /* MidiNoteTrack.swift */; };
		908308D0236AE68C00DBC014 /* Util.swift in Sources */ = {isa = PBXBuildFile; fileRef = 908308AE236AE68C00DBC014 /* Util.swift */; };
		908308D1236AE68C00DBC014 /* Byte.swift in Sources */ = {isa = PBXBuildFile; fileRef = 908308AF236AE68C00DBC014 /* Byte.swift */; };
		908308D2236AE68C00DBC014 /* MidiData.swift in Sources */ = {isa = PBXBuildFile; fileRef = 908308B1236AE68C00DBC014 /* MidiData.swift */; };
		908308D3236AE68C00DBC014 /* HeaderChunk.swift in Sources */ = {isa = PBXBuildFile; fileRef = 908308B2236AE68C00DBC014 /* HeaderChunk.swift */; };
		908308D4236AE68C00DBC014 /* MidiInfoKey.swift in Sources */ = {isa = PBXBuildFile; fileRef = 908308B3236AE68C00DBC014 /* MidiInfoKey.swift */; };
		908308D5236AE68C00DBC014 /* EventIterator.swift in Sources */ = {isa = PBXBuildFile; fileRef = 908308B4236AE68C00DBC014 /* EventIterator.swift */; };
		908308D6236AE68C00DBC014 /* MidiSequence.swift in Sources */ = {isa = PBXBuildFile; fileRef = 908308B5236AE68C00DBC014 /* MidiSequence.swift */; };
		908308DF236AE72400DBC014 /* Calling.mid in Resources */ = {isa = PBXBuildFile; fileRef = 908308D8236AE72300DBC014 /* Calling.mid */; };
		908308E0236AE72400DBC014 /* Belong.mid in Resources */ = {isa = PBXBuildFile; fileRef = 908308D9236AE72300DBC014 /* Belong.mid */; };
		908308E1236AE72400DBC014 /* Secrets.mid in Resources */ = {isa = PBXBuildFile; fileRef = 908308DA236AE72300DBC014 /* Secrets.mid */; };
		908308E2236AE72400DBC014 /* Amour_tojours.mid in Resources */ = {isa = PBXBuildFile; fileRef = 908308DB236AE72300DBC014 /* Amour_tojours.mid */; };
		908308E3236AE72400DBC014 /* Years.mid in Resources */ = {isa = PBXBuildFile; fileRef = 908308DC236AE72300DBC014 /* Years.mid */; };
		908308E4236AE72400DBC014 /* Lonely_together.mid in Resources */ = {isa = PBXBuildFile; fileRef = 908308DD236AE72300DBC014 /* Lonely_together.mid */; };
		908308E5236AE72400DBC014 /* More_than_you_know.mid in Resources */ = {isa = PBXBuildFile; fileRef = 908308DE236AE72400DBC014 /* More_than_you_know.mid */; };
		908308E8236AE82C00DBC014 /* Rswift in Frameworks */ = {isa = PBXBuildFile; productRef = 908308E7236AE82C00DBC014 /* Rswift */; };
		908308EB236AE94D00DBC014 /* R.generated.swift in Sources */ = {isa = PBXBuildFile; fileRef = 908308EA236AE94D00DBC014 /* R.generated.swift */; };
		908308EF236AEAE900DBC014 /* SelectSongView.swift in Sources */ = {isa = PBXBuildFile; fileRef = 908308EE236AEAE900DBC014 /* SelectSongView.swift */; };
		908308F1236AECB100DBC014 /* SelectTrackView.swift in Sources */ = {isa = PBXBuildFile; fileRef = 908308F0236AECB100DBC014 /* SelectTrackView.swift */; };
		908308F3236AF0BE00DBC014 /* TutorialView.swift in Sources */ = {isa = PBXBuildFile; fileRef = 908308F2236AF0BE00DBC014 /* TutorialView.swift */; };
		908308F7236AF84000DBC014 /* PadView.swift in Sources */ = {isa = PBXBuildFile; fileRef = 908308F6236AF84000DBC014 /* PadView.swift */; };
		908308FB236B4FF900DBC014 /* DrumView.swift in Sources */ = {isa = PBXBuildFile; fileRef = 908308FA236B4FF900DBC014 /* DrumView.swift */; };
		908308FD236B550700DBC014 /* DrumState.swift in Sources */ = {isa = PBXBuildFile; fileRef = 908308FC236B550700DBC014 /* DrumState.swift */; };
		908308FF236B7CD800DBC014 /* TutorialViewModel.swift in Sources */ = {isa = PBXBuildFile; fileRef = 908308FE236B7CD800DBC014 /* TutorialViewModel.swift */; };
		90830901236B952A00DBC014 /* MidiNoteExtension.swift in Sources */ = {isa = PBXBuildFile; fileRef = 90830900236B952A00DBC014 /* MidiNoteExtension.swift */; };
		90830903236BA31900DBC014 /* OctavesView.swift in Sources */ = {isa = PBXBuildFile; fileRef = 90830902236BA31900DBC014 /* OctavesView.swift */; };
		90830905236BA50300DBC014 /* SlowControlView.swift in Sources */ = {isa = PBXBuildFile; fileRef = 90830904236BA50300DBC014 /* SlowControlView.swift */; };
		90830919236BA6BE00DBC014 /* Wake_me_up_Avicii-2.mid in Resources */ = {isa = PBXBuildFile; fileRef = 90830906236BA6BC00DBC014 /* Wake_me_up_Avicii-2.mid */; };
		9083091A236BA6BE00DBC014 /* Heaven_-_Avicii__Piano_Tutorial.mid in Resources */ = {isa = PBXBuildFile; fileRef = 90830907236BA6BD00DBC014 /* Heaven_-_Avicii__Piano_Tutorial.mid */; };
		9083091B236BA6BE00DBC014 /* Sun_Is_Shining.mid in Resources */ = {isa = PBXBuildFile; fileRef = 90830908236BA6BD00DBC014 /* Sun_Is_Shining.mid */; };
		9083091C236BA6BE00DBC014 /* Avicii_-_Lonely_Together_ft._Rita_Ora.mid in Resources */ = {isa = PBXBuildFile; fileRef = 90830909236BA6BD00DBC014 /* Avicii_-_Lonely_Together_ft._Rita_Ora.mid */; };
		9083091D236BA6BE00DBC014 /* Avicii_-_SOS.mid in Resources */ = {isa = PBXBuildFile; fileRef = 9083090A236BA6BD00DBC014 /* Avicii_-_SOS.mid */; };
		9083091E236BA6BE00DBC014 /* Sebastian_Ingrosso_-_Reload.mid in Resources */ = {isa = PBXBuildFile; fileRef = 9083090B236BA6BD00DBC014 /* Sebastian_Ingrosso_-_Reload.mid */; };
		90830920236BA6BE00DBC014 /* SOS_-_Avicii__Aloe_Blacc.mid in Resources */ = {isa = PBXBuildFile; fileRef = 9083090D236BA6BD00DBC014 /* SOS_-_Avicii__Aloe_Blacc.mid */; };
		90830921236BA6BE00DBC014 /* Avicii_Medley.mid in Resources */ = {isa = PBXBuildFile; fileRef = 9083090E236BA6BD00DBC014 /* Avicii_Medley.mid */; };
		90830923236BA6BE00DBC014 /* Heroes_-Alesso_for_Front_ensemble.mid in Resources */ = {isa = PBXBuildFile; fileRef = 90830910236BA6BD00DBC014 /* Heroes_-Alesso_for_Front_ensemble.mid */; };
		90830924236BA6BE00DBC014 /* Axwell__Ingrosso_-_Dreamer_ft.mid in Resources */ = {isa = PBXBuildFile; fileRef = 90830911236BA6BD00DBC014 /* Axwell__Ingrosso_-_Dreamer_ft.mid */; };
		90830926236BA6BE00DBC014 /* Avicii_levels.mid in Resources */ = {isa = PBXBuildFile; fileRef = 90830913236BA6BD00DBC014 /* Avicii_levels.mid */; };
		90830928236BA6BE00DBC014 /* Wake_Me_Up_-_Avicii.mid in Resources */ = {isa = PBXBuildFile; fileRef = 90830915236BA6BE00DBC014 /* Wake_Me_Up_-_Avicii.mid */; };
		9083092B236BA6BE00DBC014 /* Wake_Me_Up_Avicii.mid in Resources */ = {isa = PBXBuildFile; fileRef = 90830918236BA6BE00DBC014 /* Wake_Me_Up_Avicii.mid */; };
		9083092D236BA85900DBC014 /* SongProvider.swift in Sources */ = {isa = PBXBuildFile; fileRef = 9083092C236BA85900DBC014 /* SongProvider.swift */; };
		90B0F99F23B34BEC0063BBE4 /* TestSong.swift in Sources */ = {isa = PBXBuildFile; fileRef = 90B0F99E23B34BEC0063BBE4 /* TestSong.swift */; };
		90B0F9A123B34C4F0063BBE4 /* Note.swift in Sources */ = {isa = PBXBuildFile; fileRef = 90B0F9A023B34C4F0063BBE4 /* Note.swift */; };
		90B0F9A823B36D1E0063BBE4 /* MainView.swift in Sources */ = {isa = PBXBuildFile; fileRef = 90B0F9A723B36D1E0063BBE4 /* MainView.swift */; };
		90B79ED22374E0A400A377E1 /* Avicii__Fade_Into_Darkness.mid in Resources */ = {isa = PBXBuildFile; fileRef = 90B79EC02374E0A300A377E1 /* Avicii__Fade_Into_Darkness.mid */; };
		90B79ED32374E0A400A377E1 /* High_on_Life.mid in Resources */ = {isa = PBXBuildFile; fileRef = 90B79EC12374E0A300A377E1 /* High_on_Life.mid */; };
		90B79ED42374E0A400A377E1 /* Animals_-_Martin_Garrix.mid in Resources */ = {isa = PBXBuildFile; fileRef = 90B79EC22374E0A300A377E1 /* Animals_-_Martin_Garrix.mid */; };
		90B79ED52374E0A400A377E1 /* Animals-Martin_Garrix.mid in Resources */ = {isa = PBXBuildFile; fileRef = 90B79EC32374E0A300A377E1 /* Animals-Martin_Garrix.mid */; };
		90B79ED62374E0A400A377E1 /* Swedish_House_Mafia_Medley.mid in Resources */ = {isa = PBXBuildFile; fileRef = 90B79EC42374E0A300A377E1 /* Swedish_House_Mafia_Medley.mid */; };
		90B79ED72374E0A400A377E1 /* Waiting_For_Love.mid in Resources */ = {isa = PBXBuildFile; fileRef = 90B79EC52374E0A300A377E1 /* Waiting_For_Love.mid */; };
		90B79ED82374E0A400A377E1 /* Avicii_-_Heaven_Chris_Martin.mid in Resources */ = {isa = PBXBuildFile; fileRef = 90B79EC62374E0A300A377E1 /* Avicii_-_Heaven_Chris_Martin.mid */; };
		90B79ED92374E0A400A377E1 /* Axwell_L_Ingrosso_-_More_Than_You_Know.mid in Resources */ = {isa = PBXBuildFile; fileRef = 90B79EC72374E0A300A377E1 /* Axwell_L_Ingrosso_-_More_Than_You_Know.mid */; };
		90B79EDA2374E0A400A377E1 /* Marshmello_-_Alone.mid in Resources */ = {isa = PBXBuildFile; fileRef = 90B79EC82374E0A300A377E1 /* Marshmello_-_Alone.mid */; };
		90B79EDB2374E0A400A377E1 /* High_on_Life.mscz.mid in Resources */ = {isa = PBXBuildFile; fileRef = 90B79EC92374E0A300A377E1 /* High_on_Life.mscz.mid */; };
		90B79EDC2374E0A400A377E1 /* Levels.mid in Resources */ = {isa = PBXBuildFile; fileRef = 90B79ECA2374E0A300A377E1 /* Levels.mid */; };
		90B79EDD2374E0A400A377E1 /* Something_Just_Like_This-The_Chainsmokers.mid in Resources */ = {isa = PBXBuildFile; fileRef = 90B79ECB2374E0A400A377E1 /* Something_Just_Like_This-The_Chainsmokers.mid */; };
		90B79EDE2374E0A400A377E1 /* tiesto_written_in_reverse.mid in Resources */ = {isa = PBXBuildFile; fileRef = 90B79ECC2374E0A400A377E1 /* tiesto_written_in_reverse.mid */; };
		90B79EDF2374E0A400A377E1 /* Avicii_-_Without_You_feat._Sandro_Cavazza.mid in Resources */ = {isa = PBXBuildFile; fileRef = 90B79ECD2374E0A400A377E1 /* Avicii_-_Without_You_feat._Sandro_Cavazza.mid */; };
		90B79EE02374E0A400A377E1 /* ALESSO_HEROES.mid in Resources */ = {isa = PBXBuildFile; fileRef = 90B79ECE2374E0A400A377E1 /* ALESSO_HEROES.mid */; };
		90B79EE12374E0A400A377E1 /* Pizza_Orchestral_Martin_garrix.mid in Resources */ = {isa = PBXBuildFile; fileRef = 90B79ECF2374E0A400A377E1 /* Pizza_Orchestral_Martin_garrix.mid */; };
		90B79EE22374E0A400A377E1 /* Red_Lights.mid in Resources */ = {isa = PBXBuildFile; fileRef = 90B79ED02374E0A400A377E1 /* Red_Lights.mid */; };
		90B79EE32374E0A400A377E1 /* On_My_Way_-_AxwellIngrosso.mid in Resources */ = {isa = PBXBuildFile; fileRef = 90B79ED12374E0A400A377E1 /* On_My_Way_-_AxwellIngrosso.mid */; };
		90EB96C223B130C10017BB6C /* PianoPlayer.swift in Sources */ = {isa = PBXBuildFile; fileRef = 90EB96C123B130C10017BB6C /* PianoPlayer.swift */; };
		90EB971123B131970017BB6C /* Gb5.wav in Resources */ = {isa = PBXBuildFile; fileRef = 90EB96C523B131970017BB6C /* Gb5.wav */; };
		90EB971223B131970017BB6C /* Ab3.wav in Resources */ = {isa = PBXBuildFile; fileRef = 90EB96C623B131970017BB6C /* Ab3.wav */; };
		90EB971323B131970017BB6C /* F5.wav in Resources */ = {isa = PBXBuildFile; fileRef = 90EB96C723B131970017BB6C /* F5.wav */; };
		90EB971423B131970017BB6C /* F4.wav in Resources */ = {isa = PBXBuildFile; fileRef = 90EB96C823B131970017BB6C /* F4.wav */; };
		90EB971523B131970017BB6C /* Ab2.wav in Resources */ = {isa = PBXBuildFile; fileRef = 90EB96C923B131970017BB6C /* Ab2.wav */; };
		90EB971623B131970017BB6C /* Gb4.wav in Resources */ = {isa = PBXBuildFile; fileRef = 90EB96CA23B131970017BB6C /* Gb4.wav */; };
		90EB971723B131970017BB6C /* Eb6.wav in Resources */ = {isa = PBXBuildFile; fileRef = 90EB96CB23B131970017BB6C /* Eb6.wav */; };
		90EB971823B131970017BB6C /* Eb4.wav in Resources */ = {isa = PBXBuildFile; fileRef = 90EB96CC23B131970017BB6C /* Eb4.wav */; };
		90EB971923B131970017BB6C /* G2.wav in Resources */ = {isa = PBXBuildFile; fileRef = 90EB96CD23B131970017BB6C /* G2.wav */; };
		90EB971A23B131970017BB6C /* G3.wav in Resources */ = {isa = PBXBuildFile; fileRef = 90EB96CE23B131970017BB6C /* G3.wav */; };
		90EB971B23B131970017BB6C /* Eb5.wav in Resources */ = {isa = PBXBuildFile; fileRef = 90EB96CF23B131970017BB6C /* Eb5.wav */; };
		90EB971C23B131970017BB6C /* Gb3.wav in Resources */ = {isa = PBXBuildFile; fileRef = 90EB96D023B131970017BB6C /* Gb3.wav */; };
		90EB971D23B131970017BB6C /* Ab5.wav in Resources */ = {isa = PBXBuildFile; fileRef = 90EB96D123B131970017BB6C /* Ab5.wav */; };
		90EB971E23B131970017BB6C /* F3.wav in Resources */ = {isa = PBXBuildFile; fileRef = 90EB96D223B131970017BB6C /* F3.wav */; };
		90EB971F23B131970017BB6C /* F2.wav in Resources */ = {isa = PBXBuildFile; fileRef = 90EB96D323B131970017BB6C /* F2.wav */; };
		90EB972023B131970017BB6C /* Ab4.wav in Resources */ = {isa = PBXBuildFile; fileRef = 90EB96D423B131970017BB6C /* Ab4.wav */; };
		90EB972123B131970017BB6C /* Gb2.wav in Resources */ = {isa = PBXBuildFile; fileRef = 90EB96D523B131970017BB6C /* Gb2.wav */; };
		90EB972223B131970017BB6C /* Eb2.wav in Resources */ = {isa = PBXBuildFile; fileRef = 90EB96D623B131970017BB6C /* Eb2.wav */; };
		90EB972323B131970017BB6C /* G4.wav in Resources */ = {isa = PBXBuildFile; fileRef = 90EB96D723B131970017BB6C /* G4.wav */; };
		90EB972423B131970017BB6C /* G5.wav in Resources */ = {isa = PBXBuildFile; fileRef = 90EB96D823B131970017BB6C /* G5.wav */; };
		90EB972523B131970017BB6C /* Eb3.wav in Resources */ = {isa = PBXBuildFile; fileRef = 90EB96D923B131970017BB6C /* Eb3.wav */; };
		90EB972623B131970017BB6C /* Bb2.wav in Resources */ = {isa = PBXBuildFile; fileRef = 90EB96DA23B131970017BB6C /* Bb2.wav */; };
		90EB972723B131970017BB6C /* A2.wav in Resources */ = {isa = PBXBuildFile; fileRef = 90EB96DB23B131970017BB6C /* A2.wav */; };
		90EB972823B131970017BB6C /* Db4.wav in Resources */ = {isa = PBXBuildFile; fileRef = 90EB96DC23B131970017BB6C /* Db4.wav */; };
		90EB972923B131970017BB6C /* Db5.wav in Resources */ = {isa = PBXBuildFile; fileRef = 90EB96DD23B131970017BB6C /* Db5.wav */; };
		90EB972A23B131970017BB6C /* A3.wav in Resources */ = {isa = PBXBuildFile; fileRef = 90EB96DE23B131970017BB6C /* A3.wav */; };
		90EB972B23B131970017BB6C /* Bb3.wav in Resources */ = {isa = PBXBuildFile; fileRef = 90EB96DF23B131970017BB6C /* Bb3.wav */; };
		90EB972C23B131970017BB6C /* Bb1.wav in Resources */ = {isa = PBXBuildFile; fileRef = 90EB96E023B131970017BB6C /* Bb1.wav */; };
		90EB972D23B131970017BB6C /* Db6.wav in Resources */ = {isa = PBXBuildFile; fileRef = 90EB96E123B131970017BB6C /* Db6.wav */; };
		90EB972E23B131970017BB6C /* Bb4.wav in Resources */ = {isa = PBXBuildFile; fileRef = 90EB96E223B131970017BB6C /* Bb4.wav */; };
		90EB972F23B131970017BB6C /* A4.wav in Resources */ = {isa = PBXBuildFile; fileRef = 90EB96E323B131970017BB6C /* A4.wav */; };
		90EB973023B131970017BB6C /* Db2.wav in Resources */ = {isa = PBXBuildFile; fileRef = 90EB96E423B131970017BB6C /* Db2.wav */; };
		90EB973123B131970017BB6C /* Db3.wav in Resources */ = {isa = PBXBuildFile; fileRef = 90EB96E523B131970017BB6C /* Db3.wav */; };
		90EB973223B131970017BB6C /* A5.wav in Resources */ = {isa = PBXBuildFile; fileRef = 90EB96E623B131970017BB6C /* A5.wav */; };
		90EB973323B131970017BB6C /* Bb5.wav in Resources */ = {isa = PBXBuildFile; fileRef = 90EB96E723B131970017BB6C /* Bb5.wav */; };
		90EB973423B131970017BB6C /* C3.wav in Resources */ = {isa = PBXBuildFile; fileRef = 90EB96E823B131970017BB6C /* C3.wav */; };
		90EB973523B131970017BB6C /* Cs2.wav in Resources */ = {isa = PBXBuildFile; fileRef = 90EB96E923B131970017BB6C /* Cs2.wav */; };
		90EB973623B131970017BB6C /* Cs3.wav in Resources */ = {isa = PBXBuildFile; fileRef = 90EB96EA23B131970017BB6C /* Cs3.wav */; };
		90EB973723B131970017BB6C /* C2.wav in Resources */ = {isa = PBXBuildFile; fileRef = 90EB96EB23B131970017BB6C /* C2.wav */; };
		90EB973823B131970017BB6C /* Gs5.wav in Resources */ = {isa = PBXBuildFile; fileRef = 90EB96EC23B131970017BB6C /* Gs5.wav */; };
		90EB973923B131970017BB6C /* B4.wav in Resources */ = {isa = PBXBuildFile; fileRef = 90EB96ED23B131970017BB6C /* B4.wav */; };
		90EB973A23B131970017BB6C /* As3.wav in Resources */ = {isa = PBXBuildFile; fileRef = 90EB96EE23B131970017BB6C /* As3.wav */; };
		90EB973B23B131970017BB6C /* As2.wav in Resources */ = {isa = PBXBuildFile; fileRef = 90EB96EF23B131970017BB6C /* As2.wav */; };
		90EB973C23B131970017BB6C /* B5.wav in Resources */ = {isa = PBXBuildFile; fileRef = 90EB96F023B131970017BB6C /* B5.wav */; };
		90EB973D23B131970017BB6C /* Gs4.wav in Resources */ = {isa = PBXBuildFile; fileRef = 90EB96F123B131970017BB6C /* Gs4.wav */; };
		90EB973E23B131970017BB6C /* C5.wav in Resources */ = {isa = PBXBuildFile; fileRef = 90EB96F223B131970017BB6C /* C5.wav */; };
		90EB973F23B131970017BB6C /* B1.wav in Resources */ = {isa = PBXBuildFile; fileRef = 90EB96F323B131970017BB6C /* B1.wav */; };
		90EB974023B131970017BB6C /* Cs4.wav in Resources */ = {isa = PBXBuildFile; fileRef = 90EB96F423B131970017BB6C /* Cs4.wav */; };
		90EB974123B131970017BB6C /* Cs5.wav in Resources */ = {isa = PBXBuildFile; fileRef = 90EB96F523B131970017BB6C /* Cs5.wav */; };
		90EB974223B131970017BB6C /* C4.wav in Resources */ = {isa = PBXBuildFile; fileRef = 90EB96F623B131970017BB6C /* C4.wav */; };
		90EB974323B131970017BB6C /* Gs3.wav in Resources */ = {isa = PBXBuildFile; fileRef = 90EB96F723B131970017BB6C /* Gs3.wav */; };
		90EB974423B131970017BB6C /* B2.wav in Resources */ = {isa = PBXBuildFile; fileRef = 90EB96F823B131970017BB6C /* B2.wav */; };
		90EB974523B131970017BB6C /* C6.wav in Resources */ = {isa = PBXBuildFile; fileRef = 90EB96F923B131970017BB6C /* C6.wav */; };
		90EB974623B131970017BB6C /* As5.wav in Resources */ = {isa = PBXBuildFile; fileRef = 90EB96FA23B131970017BB6C /* As5.wav */; };
		90EB974723B131970017BB6C /* As4.wav in Resources */ = {isa = PBXBuildFile; fileRef = 90EB96FB23B131970017BB6C /* As4.wav */; };
		90EB974823B131970017BB6C /* Cs6.wav in Resources */ = {isa = PBXBuildFile; fileRef = 90EB96FC23B131970017BB6C /* Cs6.wav */; };
		90EB974923B131970017BB6C /* B3.wav in Resources */ = {isa = PBXBuildFile; fileRef = 90EB96FD23B131970017BB6C /* B3.wav */; };
		90EB974A23B131970017BB6C /* Gs2.wav in Resources */ = {isa = PBXBuildFile; fileRef = 90EB96FE23B131970017BB6C /* Gs2.wav */; };
		90EB974B23B131970017BB6C /* D4.wav in Resources */ = {isa = PBXBuildFile; fileRef = 90EB96FF23B131970017BB6C /* D4.wav */; };
		90EB974C23B131970017BB6C /* Fs5.wav in Resources */ = {isa = PBXBuildFile; fileRef = 90EB970023B131970017BB6C /* Fs5.wav */; };
		90EB974D23B131970017BB6C /* Fs4.wav in Resources */ = {isa = PBXBuildFile; fileRef = 90EB970123B131970017BB6C /* Fs4.wav */; };
		90EB974E23B131970017BB6C /* Ds6.wav in Resources */ = {isa = PBXBuildFile; fileRef = 90EB970223B131970017BB6C /* Ds6.wav */; };
		90EB974F23B131970017BB6C /* D5.wav in Resources */ = {isa = PBXBuildFile; fileRef = 90EB970323B131970017BB6C /* D5.wav */; };
		90EB975023B131970017BB6C /* E3.wav in Resources */ = {isa = PBXBuildFile; fileRef = 90EB970423B131970017BB6C /* E3.wav */; };
		90EB975123B131970017BB6C /* Ds4.wav in Resources */ = {isa = PBXBuildFile; fileRef = 90EB970523B131970017BB6C /* Ds4.wav */; };
		90EB975223B131970017BB6C /* Ds5.wav in Resources */ = {isa = PBXBuildFile; fileRef = 90EB970623B131970017BB6C /* Ds5.wav */; };
		90EB975323B131970017BB6C /* D6.wav in Resources */ = {isa = PBXBuildFile; fileRef = 90EB970723B131970017BB6C /* D6.wav */; };
		90EB975423B131970017BB6C /* E2.wav in Resources */ = {isa = PBXBuildFile; fileRef = 90EB970823B131970017BB6C /* E2.wav */; };
		90EB975523B131970017BB6C /* D2.wav in Resources */ = {isa = PBXBuildFile; fileRef = 90EB970923B131970017BB6C /* D2.wav */; };
		90EB975623B131970017BB6C /* Fs3.wav in Resources */ = {isa = PBXBuildFile; fileRef = 90EB970A23B131970017BB6C /* Fs3.wav */; };
		90EB975723B131970017BB6C /* Fs2.wav in Resources */ = {isa = PBXBuildFile; fileRef = 90EB970B23B131970017BB6C /* Fs2.wav */; };
		90EB975823B131970017BB6C /* D3.wav in Resources */ = {isa = PBXBuildFile; fileRef = 90EB970C23B131970017BB6C /* D3.wav */; };
		90EB975923B131970017BB6C /* E5.wav in Resources */ = {isa = PBXBuildFile; fileRef = 90EB970D23B131970017BB6C /* E5.wav */; };
		90EB975A23B131970017BB6C /* Ds2.wav in Resources */ = {isa = PBXBuildFile; fileRef = 90EB970E23B131970017BB6C /* Ds2.wav */; };
		90EB975B23B131970017BB6C /* Ds3.wav in Resources */ = {isa = PBXBuildFile; fileRef = 90EB970F23B131970017BB6C /* Ds3.wav */; };
		90EB975C23B131970017BB6C /* E4.wav in Resources */ = {isa = PBXBuildFile; fileRef = 90EB971023B131970017BB6C /* E4.wav */; };
/* End PBXBuildFile section */

/* Begin PBXContainerItemProxy section */
		9083087E236AE56D00DBC014 /* PBXContainerItemProxy */ = {
			isa = PBXContainerItemProxy;
			containerPortal = 9083085F236AE56C00DBC014 /* Project object */;
			proxyType = 1;
			remoteGlobalIDString = 90830866236AE56C00DBC014;
			remoteInfo = "DJ Drum";
		};
/* End PBXContainerItemProxy section */

/* Begin PBXFileReference section */
		90635E97236C380100DF16E6 /* MidiNotesPlayer.swift */ = {isa = PBXFileReference; lastKnownFileType = sourcecode.swift; path = MidiNotesPlayer.swift; sourceTree = "<group>"; };
		90830867236AE56C00DBC014 /* DJ Drum.app */ = {isa = PBXFileReference; explicitFileType = wrapper.application; includeInIndex = 0; path = "DJ Drum.app"; sourceTree = BUILT_PRODUCTS_DIR; };
		9083086A236AE56C00DBC014 /* AppDelegate.swift */ = {isa = PBXFileReference; lastKnownFileType = sourcecode.swift; path = AppDelegate.swift; sourceTree = "<group>"; };
		9083086C236AE56C00DBC014 /* SceneDelegate.swift */ = {isa = PBXFileReference; lastKnownFileType = sourcecode.swift; path = SceneDelegate.swift; sourceTree = "<group>"; };
		90830870236AE56D00DBC014 /* Assets.xcassets */ = {isa = PBXFileReference; lastKnownFileType = folder.assetcatalog; path = Assets.xcassets; sourceTree = "<group>"; };
		90830873236AE56D00DBC014 /* Preview Assets.xcassets */ = {isa = PBXFileReference; lastKnownFileType = folder.assetcatalog; path = "Preview Assets.xcassets"; sourceTree = "<group>"; };
		90830876236AE56D00DBC014 /* Base */ = {isa = PBXFileReference; lastKnownFileType = file.storyboard; name = Base; path = Base.lproj/LaunchScreen.storyboard; sourceTree = "<group>"; };
		90830878236AE56D00DBC014 /* Info.plist */ = {isa = PBXFileReference; lastKnownFileType = text.plist.xml; path = Info.plist; sourceTree = "<group>"; };
		9083087D236AE56D00DBC014 /* DJ DrumTests.xctest */ = {isa = PBXFileReference; explicitFileType = wrapper.cfbundle; includeInIndex = 0; path = "DJ DrumTests.xctest"; sourceTree = BUILT_PRODUCTS_DIR; };
		90830881236AE56D00DBC014 /* DJ_DrumTests.swift */ = {isa = PBXFileReference; lastKnownFileType = sourcecode.swift; path = DJ_DrumTests.swift; sourceTree = "<group>"; };
		90830883236AE56D00DBC014 /* Info.plist */ = {isa = PBXFileReference; lastKnownFileType = text.plist.xml; path = Info.plist; sourceTree = "<group>"; };
		9083088E236AE68C00DBC014 /* MidiError.swift */ = {isa = PBXFileReference; fileEncoding = 4; lastKnownFileType = sourcecode.swift; path = MidiError.swift; sourceTree = "<group>"; };
		90830890236AE68C00DBC014 /* MidiPatch.swift */ = {isa = PBXFileReference; fileEncoding = 4; lastKnownFileType = sourcecode.swift; path = MidiPatch.swift; sourceTree = "<group>"; };
		90830891236AE68C00DBC014 /* GMPatch.swift */ = {isa = PBXFileReference; fileEncoding = 4; lastKnownFileType = sourcecode.swift; path = GMPatch.swift; sourceTree = "<group>"; };
		90830892236AE68C00DBC014 /* PatchFamily.swift */ = {isa = PBXFileReference; fileEncoding = 4; lastKnownFileType = sourcecode.swift; path = PatchFamily.swift; sourceTree = "<group>"; };
		90830894236AE68C00DBC014 /* MidiExtendedNoteOnEvent.swift */ = {isa = PBXFileReference; fileEncoding = 4; lastKnownFileType = sourcecode.swift; path = MidiExtendedNoteOnEvent.swift; sourceTree = "<group>"; };
		90830895236AE68C00DBC014 /* MidiAUPresetEvent.swift */ = {isa = PBXFileReference; fileEncoding = 4; lastKnownFileType = sourcecode.swift; path = MidiAUPresetEvent.swift; sourceTree = "<group>"; };
		90830896236AE68C00DBC014 /* MidiChannelMessage.swift */ = {isa = PBXFileReference; fileEncoding = 4; lastKnownFileType = sourcecode.swift; path = MidiChannelMessage.swift; sourceTree = "<group>"; };
		90830897236AE68C00DBC014 /* EventProtocol.swift */ = {isa = PBXFileReference; fileEncoding = 4; lastKnownFileType = sourcecode.swift; path = EventProtocol.swift; sourceTree = "<group>"; };
		90830898236AE68C00DBC014 /* MidiRawData.swift */ = {isa = PBXFileReference; fileEncoding = 4; lastKnownFileType = sourcecode.swift; path = MidiRawData.swift; sourceTree = "<group>"; };
		90830899236AE68C00DBC014 /* MidiParameterEvent.swift */ = {isa = PBXFileReference; fileEncoding = 4; lastKnownFileType = sourcecode.swift; path = MidiParameterEvent.swift; sourceTree = "<group>"; };
		9083089A236AE68C00DBC014 /* EventInfo.swift */ = {isa = PBXFileReference; fileEncoding = 4; lastKnownFileType = sourcecode.swift; path = EventInfo.swift; sourceTree = "<group>"; };
		9083089C236AE68C00DBC014 /* MidiTimeSignature.swift */ = {isa = PBXFileReference; fileEncoding = 4; lastKnownFileType = sourcecode.swift; path = MidiTimeSignature.swift; sourceTree = "<group>"; };
		9083089D236AE68C00DBC014 /* MetaEventProtocol.swift */ = {isa = PBXFileReference; fileEncoding = 4; lastKnownFileType = sourcecode.swift; path = MetaEventProtocol.swift; sourceTree = "<group>"; };
		9083089E236AE68C00DBC014 /* MetaEvent.swift */ = {isa = PBXFileReference; fileEncoding = 4; lastKnownFileType = sourcecode.swift; path = MetaEvent.swift; sourceTree = "<group>"; };
		9083089F236AE68C00DBC014 /* MidiLyric.swift */ = {isa = PBXFileReference; fileEncoding = 4; lastKnownFileType = sourcecode.swift; path = MidiLyric.swift; sourceTree = "<group>"; };
		908308A0236AE68C00DBC014 /* MetaEventType.swift */ = {isa = PBXFileReference; fileEncoding = 4; lastKnownFileType = sourcecode.swift; path = MetaEventType.swift; sourceTree = "<group>"; };
		908308A2236AE68C00DBC014 /* MidiKeySignature.swift */ = {isa = PBXFileReference; fileEncoding = 4; lastKnownFileType = sourcecode.swift; path = MidiKeySignature.swift; sourceTree = "<group>"; };
		908308A3236AE68C00DBC014 /* KeySignature.swift */ = {isa = PBXFileReference; fileEncoding = 4; lastKnownFileType = sourcecode.swift; path = KeySignature.swift; sourceTree = "<group>"; };
		908308A4236AE68C00DBC014 /* MidiNote.swift */ = {isa = PBXFileReference; fileEncoding = 4; lastKnownFileType = sourcecode.swift; path = MidiNote.swift; sourceTree = "<group>"; };
		908308A5236AE68C00DBC014 /* MidiEventType.swift */ = {isa = PBXFileReference; fileEncoding = 4; lastKnownFileType = sourcecode.swift; path = MidiEventType.swift; sourceTree = "<group>"; };
		908308A6236AE68C00DBC014 /* MidiEventUserData.swift */ = {isa = PBXFileReference; fileEncoding = 4; lastKnownFileType = sourcecode.swift; path = MidiEventUserData.swift; sourceTree = "<group>"; };
		908308A7236AE68C00DBC014 /* MidiExtendedTempo.swift */ = {isa = PBXFileReference; fileEncoding = 4; lastKnownFileType = sourcecode.swift; path = MidiExtendedTempo.swift; sourceTree = "<group>"; };
		908308A9236AE68C00DBC014 /* MidiTempoTrack.swift */ = {isa = PBXFileReference; fileEncoding = 4; lastKnownFileType = sourcecode.swift; path = MidiTempoTrack.swift; sourceTree = "<group>"; };
		908308AA236AE68C00DBC014 /* SequenceTrackProperty.swift */ = {isa = PBXFileReference; fileEncoding = 4; lastKnownFileType = sourcecode.swift; path = SequenceTrackProperty.swift; sourceTree = "<group>"; };
		908308AB236AE68C00DBC014 /* MidiTrack.swift */ = {isa = PBXFileReference; fileEncoding = 4; lastKnownFileType = sourcecode.swift; path = MidiTrack.swift; sourceTree = "<group>"; };
		908308AC236AE68C00DBC014 /* MidiNoteTrack.swift */ = {isa = PBXFileReference; fileEncoding = 4; lastKnownFileType = sourcecode.swift; path = MidiNoteTrack.swift; sourceTree = "<group>"; };
		908308AE236AE68C00DBC014 /* Util.swift */ = {isa = PBXFileReference; fileEncoding = 4; lastKnownFileType = sourcecode.swift; path = Util.swift; sourceTree = "<group>"; };
		908308AF236AE68C00DBC014 /* Byte.swift */ = {isa = PBXFileReference; fileEncoding = 4; lastKnownFileType = sourcecode.swift; path = Byte.swift; sourceTree = "<group>"; };
		908308B1236AE68C00DBC014 /* MidiData.swift */ = {isa = PBXFileReference; fileEncoding = 4; lastKnownFileType = sourcecode.swift; path = MidiData.swift; sourceTree = "<group>"; };
		908308B2236AE68C00DBC014 /* HeaderChunk.swift */ = {isa = PBXFileReference; fileEncoding = 4; lastKnownFileType = sourcecode.swift; path = HeaderChunk.swift; sourceTree = "<group>"; };
		908308B3236AE68C00DBC014 /* MidiInfoKey.swift */ = {isa = PBXFileReference; fileEncoding = 4; lastKnownFileType = sourcecode.swift; path = MidiInfoKey.swift; sourceTree = "<group>"; };
		908308B4236AE68C00DBC014 /* EventIterator.swift */ = {isa = PBXFileReference; fileEncoding = 4; lastKnownFileType = sourcecode.swift; path = EventIterator.swift; sourceTree = "<group>"; };
		908308B5236AE68C00DBC014 /* MidiSequence.swift */ = {isa = PBXFileReference; fileEncoding = 4; lastKnownFileType = sourcecode.swift; path = MidiSequence.swift; sourceTree = "<group>"; };
		908308D8236AE72300DBC014 /* Calling.mid */ = {isa = PBXFileReference; lastKnownFileType = audio.midi; path = Calling.mid; sourceTree = "<group>"; };
		908308D9236AE72300DBC014 /* Belong.mid */ = {isa = PBXFileReference; lastKnownFileType = audio.midi; path = Belong.mid; sourceTree = "<group>"; };
		908308DA236AE72300DBC014 /* Secrets.mid */ = {isa = PBXFileReference; lastKnownFileType = audio.midi; path = Secrets.mid; sourceTree = "<group>"; };
		908308DB236AE72300DBC014 /* Amour_tojours.mid */ = {isa = PBXFileReference; lastKnownFileType = audio.midi; path = Amour_tojours.mid; sourceTree = "<group>"; };
		908308DC236AE72300DBC014 /* Years.mid */ = {isa = PBXFileReference; lastKnownFileType = audio.midi; path = Years.mid; sourceTree = "<group>"; };
		908308DD236AE72300DBC014 /* Lonely_together.mid */ = {isa = PBXFileReference; lastKnownFileType = audio.midi; path = Lonely_together.mid; sourceTree = "<group>"; };
		908308DE236AE72400DBC014 /* More_than_you_know.mid */ = {isa = PBXFileReference; lastKnownFileType = audio.midi; path = More_than_you_know.mid; sourceTree = "<group>"; };
		908308EA236AE94D00DBC014 /* R.generated.swift */ = {isa = PBXFileReference; fileEncoding = 4; lastKnownFileType = sourcecode.swift; name = R.generated.swift; path = "DJ Drum/R.generated.swift"; sourceTree = SOURCE_ROOT; };
		908308EE236AEAE900DBC014 /* SelectSongView.swift */ = {isa = PBXFileReference; lastKnownFileType = sourcecode.swift; path = SelectSongView.swift; sourceTree = "<group>"; };
		908308F0236AECB100DBC014 /* SelectTrackView.swift */ = {isa = PBXFileReference; lastKnownFileType = sourcecode.swift; path = SelectTrackView.swift; sourceTree = "<group>"; };
		908308F2236AF0BE00DBC014 /* TutorialView.swift */ = {isa = PBXFileReference; lastKnownFileType = sourcecode.swift; path = TutorialView.swift; sourceTree = "<group>"; };
		908308F6236AF84000DBC014 /* PadView.swift */ = {isa = PBXFileReference; lastKnownFileType = sourcecode.swift; path = PadView.swift; sourceTree = "<group>"; };
		908308FA236B4FF900DBC014 /* DrumView.swift */ = {isa = PBXFileReference; lastKnownFileType = sourcecode.swift; path = DrumView.swift; sourceTree = "<group>"; };
		908308FC236B550700DBC014 /* DrumState.swift */ = {isa = PBXFileReference; lastKnownFileType = sourcecode.swift; path = DrumState.swift; sourceTree = "<group>"; };
		908308FE236B7CD800DBC014 /* TutorialViewModel.swift */ = {isa = PBXFileReference; lastKnownFileType = sourcecode.swift; path = TutorialViewModel.swift; sourceTree = "<group>"; };
		90830900236B952A00DBC014 /* MidiNoteExtension.swift */ = {isa = PBXFileReference; lastKnownFileType = sourcecode.swift; path = MidiNoteExtension.swift; sourceTree = "<group>"; };
		90830902236BA31900DBC014 /* OctavesView.swift */ = {isa = PBXFileReference; lastKnownFileType = sourcecode.swift; path = OctavesView.swift; sourceTree = "<group>"; };
		90830904236BA50300DBC014 /* SlowControlView.swift */ = {isa = PBXFileReference; lastKnownFileType = sourcecode.swift; path = SlowControlView.swift; sourceTree = "<group>"; };
		90830906236BA6BC00DBC014 /* Wake_me_up_Avicii-2.mid */ = {isa = PBXFileReference; lastKnownFileType = audio.midi; path = "Wake_me_up_Avicii-2.mid"; sourceTree = "<group>"; };
		90830907236BA6BD00DBC014 /* Heaven_-_Avicii__Piano_Tutorial.mid */ = {isa = PBXFileReference; lastKnownFileType = audio.midi; path = "Heaven_-_Avicii__Piano_Tutorial.mid"; sourceTree = "<group>"; };
		90830908236BA6BD00DBC014 /* Sun_Is_Shining.mid */ = {isa = PBXFileReference; lastKnownFileType = audio.midi; path = Sun_Is_Shining.mid; sourceTree = "<group>"; };
		90830909236BA6BD00DBC014 /* Avicii_-_Lonely_Together_ft._Rita_Ora.mid */ = {isa = PBXFileReference; lastKnownFileType = audio.midi; path = "Avicii_-_Lonely_Together_ft._Rita_Ora.mid"; sourceTree = "<group>"; };
		9083090A236BA6BD00DBC014 /* Avicii_-_SOS.mid */ = {isa = PBXFileReference; lastKnownFileType = audio.midi; path = "Avicii_-_SOS.mid"; sourceTree = "<group>"; };
		9083090B236BA6BD00DBC014 /* Sebastian_Ingrosso_-_Reload.mid */ = {isa = PBXFileReference; lastKnownFileType = audio.midi; path = "Sebastian_Ingrosso_-_Reload.mid"; sourceTree = "<group>"; };
		9083090D236BA6BD00DBC014 /* SOS_-_Avicii__Aloe_Blacc.mid */ = {isa = PBXFileReference; lastKnownFileType = audio.midi; path = "SOS_-_Avicii__Aloe_Blacc.mid"; sourceTree = "<group>"; };
		9083090E236BA6BD00DBC014 /* Avicii_Medley.mid */ = {isa = PBXFileReference; lastKnownFileType = audio.midi; path = Avicii_Medley.mid; sourceTree = "<group>"; };
		90830910236BA6BD00DBC014 /* Heroes_-Alesso_for_Front_ensemble.mid */ = {isa = PBXFileReference; lastKnownFileType = audio.midi; path = "Heroes_-Alesso_for_Front_ensemble.mid"; sourceTree = "<group>"; };
		90830911236BA6BD00DBC014 /* Axwell__Ingrosso_-_Dreamer_ft.mid */ = {isa = PBXFileReference; lastKnownFileType = audio.midi; path = "Axwell__Ingrosso_-_Dreamer_ft.mid"; sourceTree = "<group>"; };
		90830913236BA6BD00DBC014 /* Avicii_levels.mid */ = {isa = PBXFileReference; lastKnownFileType = audio.midi; path = Avicii_levels.mid; sourceTree = "<group>"; };
		90830915236BA6BE00DBC014 /* Wake_Me_Up_-_Avicii.mid */ = {isa = PBXFileReference; lastKnownFileType = audio.midi; path = "Wake_Me_Up_-_Avicii.mid"; sourceTree = "<group>"; };
		90830918236BA6BE00DBC014 /* Wake_Me_Up_Avicii.mid */ = {isa = PBXFileReference; lastKnownFileType = audio.midi; path = Wake_Me_Up_Avicii.mid; sourceTree = "<group>"; };
		9083092C236BA85900DBC014 /* SongProvider.swift */ = {isa = PBXFileReference; lastKnownFileType = sourcecode.swift; path = SongProvider.swift; sourceTree = "<group>"; };
		9083092E236BAEFB00DBC014 /* DJ Drum.entitlements */ = {isa = PBXFileReference; lastKnownFileType = text.plist.entitlements; path = "DJ Drum.entitlements"; sourceTree = "<group>"; };
		90B0F99E23B34BEC0063BBE4 /* TestSong.swift */ = {isa = PBXFileReference; fileEncoding = 4; lastKnownFileType = sourcecode.swift; path = TestSong.swift; sourceTree = "<group>"; };
		90B0F9A023B34C4F0063BBE4 /* Note.swift */ = {isa = PBXFileReference; lastKnownFileType = sourcecode.swift; path = Note.swift; sourceTree = "<group>"; };
		90B0F9A723B36D1E0063BBE4 /* MainView.swift */ = {isa = PBXFileReference; lastKnownFileType = sourcecode.swift; path = MainView.swift; sourceTree = "<group>"; };
		90B79EC02374E0A300A377E1 /* Avicii__Fade_Into_Darkness.mid */ = {isa = PBXFileReference; lastKnownFileType = audio.midi; path = Avicii__Fade_Into_Darkness.mid; sourceTree = "<group>"; };
		90B79EC12374E0A300A377E1 /* High_on_Life.mid */ = {isa = PBXFileReference; lastKnownFileType = audio.midi; path = High_on_Life.mid; sourceTree = "<group>"; };
		90B79EC22374E0A300A377E1 /* Animals_-_Martin_Garrix.mid */ = {isa = PBXFileReference; lastKnownFileType = audio.midi; path = "Animals_-_Martin_Garrix.mid"; sourceTree = "<group>"; };
		90B79EC32374E0A300A377E1 /* Animals-Martin_Garrix.mid */ = {isa = PBXFileReference; lastKnownFileType = audio.midi; path = "Animals-Martin_Garrix.mid"; sourceTree = "<group>"; };
		90B79EC42374E0A300A377E1 /* Swedish_House_Mafia_Medley.mid */ = {isa = PBXFileReference; lastKnownFileType = audio.midi; name = Swedish_House_Mafia_Medley.mid; path = ../../../../../../Downloads/Swedish_House_Mafia_Medley.mid; sourceTree = "<group>"; };
		90B79EC52374E0A300A377E1 /* Waiting_For_Love.mid */ = {isa = PBXFileReference; lastKnownFileType = audio.midi; path = Waiting_For_Love.mid; sourceTree = "<group>"; };
		90B79EC62374E0A300A377E1 /* Avicii_-_Heaven_Chris_Martin.mid */ = {isa = PBXFileReference; lastKnownFileType = audio.midi; name = "Avicii_-_Heaven_Chris_Martin.mid"; path = "../../../../../../Downloads/Avicii_-_Heaven_Chris_Martin.mid"; sourceTree = "<group>"; };
		90B79EC72374E0A300A377E1 /* Axwell_L_Ingrosso_-_More_Than_You_Know.mid */ = {isa = PBXFileReference; lastKnownFileType = audio.midi; name = "Axwell_L_Ingrosso_-_More_Than_You_Know.mid"; path = "../../../../../../Downloads/Axwell_L_Ingrosso_-_More_Than_You_Know.mid"; sourceTree = "<group>"; };
		90B79EC82374E0A300A377E1 /* Marshmello_-_Alone.mid */ = {isa = PBXFileReference; lastKnownFileType = audio.midi; path = "Marshmello_-_Alone.mid"; sourceTree = "<group>"; };
		90B79EC92374E0A300A377E1 /* High_on_Life.mscz.mid */ = {isa = PBXFileReference; lastKnownFileType = audio.midi; path = High_on_Life.mscz.mid; sourceTree = "<group>"; };
		90B79ECA2374E0A300A377E1 /* Levels.mid */ = {isa = PBXFileReference; lastKnownFileType = audio.midi; path = Levels.mid; sourceTree = "<group>"; };
		90B79ECB2374E0A400A377E1 /* Something_Just_Like_This-The_Chainsmokers.mid */ = {isa = PBXFileReference; lastKnownFileType = audio.midi; path = "Something_Just_Like_This-The_Chainsmokers.mid"; sourceTree = "<group>"; };
		90B79ECC2374E0A400A377E1 /* tiesto_written_in_reverse.mid */ = {isa = PBXFileReference; lastKnownFileType = audio.midi; path = tiesto_written_in_reverse.mid; sourceTree = "<group>"; };
		90B79ECD2374E0A400A377E1 /* Avicii_-_Without_You_feat._Sandro_Cavazza.mid */ = {isa = PBXFileReference; lastKnownFileType = audio.midi; name = "Avicii_-_Without_You_feat._Sandro_Cavazza.mid"; path = "../../../../../../Downloads/Avicii_-_Without_You_feat._Sandro_Cavazza.mid"; sourceTree = "<group>"; };
		90B79ECE2374E0A400A377E1 /* ALESSO_HEROES.mid */ = {isa = PBXFileReference; lastKnownFileType = audio.midi; path = ALESSO_HEROES.mid; sourceTree = "<group>"; };
		90B79ECF2374E0A400A377E1 /* Pizza_Orchestral_Martin_garrix.mid */ = {isa = PBXFileReference; lastKnownFileType = audio.midi; path = Pizza_Orchestral_Martin_garrix.mid; sourceTree = "<group>"; };
		90B79ED02374E0A400A377E1 /* Red_Lights.mid */ = {isa = PBXFileReference; lastKnownFileType = audio.midi; path = Red_Lights.mid; sourceTree = "<group>"; };
		90B79ED12374E0A400A377E1 /* On_My_Way_-_AxwellIngrosso.mid */ = {isa = PBXFileReference; lastKnownFileType = audio.midi; name = "On_My_Way_-_AxwellIngrosso.mid"; path = "../../../../../../Downloads/On_My_Way_-_AxwellIngrosso.mid"; sourceTree = "<group>"; };
		90EB96C123B130C10017BB6C /* PianoPlayer.swift */ = {isa = PBXFileReference; lastKnownFileType = sourcecode.swift; path = PianoPlayer.swift; sourceTree = "<group>"; };
		90EB96C523B131970017BB6C /* Gb5.wav */ = {isa = PBXFileReference; lastKnownFileType = audio.wav; path = Gb5.wav; sourceTree = "<group>"; };
		90EB96C623B131970017BB6C /* Ab3.wav */ = {isa = PBXFileReference; lastKnownFileType = audio.wav; path = Ab3.wav; sourceTree = "<group>"; };
		90EB96C723B131970017BB6C /* F5.wav */ = {isa = PBXFileReference; lastKnownFileType = audio.wav; path = F5.wav; sourceTree = "<group>"; };
		90EB96C823B131970017BB6C /* F4.wav */ = {isa = PBXFileReference; lastKnownFileType = audio.wav; path = F4.wav; sourceTree = "<group>"; };
		90EB96C923B131970017BB6C /* Ab2.wav */ = {isa = PBXFileReference; lastKnownFileType = audio.wav; path = Ab2.wav; sourceTree = "<group>"; };
		90EB96CA23B131970017BB6C /* Gb4.wav */ = {isa = PBXFileReference; lastKnownFileType = audio.wav; path = Gb4.wav; sourceTree = "<group>"; };
		90EB96CB23B131970017BB6C /* Eb6.wav */ = {isa = PBXFileReference; lastKnownFileType = audio.wav; path = Eb6.wav; sourceTree = "<group>"; };
		90EB96CC23B131970017BB6C /* Eb4.wav */ = {isa = PBXFileReference; lastKnownFileType = audio.wav; path = Eb4.wav; sourceTree = "<group>"; };
		90EB96CD23B131970017BB6C /* G2.wav */ = {isa = PBXFileReference; lastKnownFileType = audio.wav; path = G2.wav; sourceTree = "<group>"; };
		90EB96CE23B131970017BB6C /* G3.wav */ = {isa = PBXFileReference; lastKnownFileType = audio.wav; path = G3.wav; sourceTree = "<group>"; };
		90EB96CF23B131970017BB6C /* Eb5.wav */ = {isa = PBXFileReference; lastKnownFileType = audio.wav; path = Eb5.wav; sourceTree = "<group>"; };
		90EB96D023B131970017BB6C /* Gb3.wav */ = {isa = PBXFileReference; lastKnownFileType = audio.wav; path = Gb3.wav; sourceTree = "<group>"; };
		90EB96D123B131970017BB6C /* Ab5.wav */ = {isa = PBXFileReference; lastKnownFileType = audio.wav; path = Ab5.wav; sourceTree = "<group>"; };
		90EB96D223B131970017BB6C /* F3.wav */ = {isa = PBXFileReference; lastKnownFileType = audio.wav; path = F3.wav; sourceTree = "<group>"; };
		90EB96D323B131970017BB6C /* F2.wav */ = {isa = PBXFileReference; lastKnownFileType = audio.wav; path = F2.wav; sourceTree = "<group>"; };
		90EB96D423B131970017BB6C /* Ab4.wav */ = {isa = PBXFileReference; lastKnownFileType = audio.wav; path = Ab4.wav; sourceTree = "<group>"; };
		90EB96D523B131970017BB6C /* Gb2.wav */ = {isa = PBXFileReference; lastKnownFileType = audio.wav; path = Gb2.wav; sourceTree = "<group>"; };
		90EB96D623B131970017BB6C /* Eb2.wav */ = {isa = PBXFileReference; lastKnownFileType = audio.wav; path = Eb2.wav; sourceTree = "<group>"; };
		90EB96D723B131970017BB6C /* G4.wav */ = {isa = PBXFileReference; lastKnownFileType = audio.wav; path = G4.wav; sourceTree = "<group>"; };
		90EB96D823B131970017BB6C /* G5.wav */ = {isa = PBXFileReference; lastKnownFileType = audio.wav; path = G5.wav; sourceTree = "<group>"; };
		90EB96D923B131970017BB6C /* Eb3.wav */ = {isa = PBXFileReference; lastKnownFileType = audio.wav; path = Eb3.wav; sourceTree = "<group>"; };
		90EB96DA23B131970017BB6C /* Bb2.wav */ = {isa = PBXFileReference; lastKnownFileType = audio.wav; path = Bb2.wav; sourceTree = "<group>"; };
		90EB96DB23B131970017BB6C /* A2.wav */ = {isa = PBXFileReference; lastKnownFileType = audio.wav; path = A2.wav; sourceTree = "<group>"; };
		90EB96DC23B131970017BB6C /* Db4.wav */ = {isa = PBXFileReference; lastKnownFileType = audio.wav; path = Db4.wav; sourceTree = "<group>"; };
		90EB96DD23B131970017BB6C /* Db5.wav */ = {isa = PBXFileReference; lastKnownFileType = audio.wav; path = Db5.wav; sourceTree = "<group>"; };
		90EB96DE23B131970017BB6C /* A3.wav */ = {isa = PBXFileReference; lastKnownFileType = audio.wav; path = A3.wav; sourceTree = "<group>"; };
		90EB96DF23B131970017BB6C /* Bb3.wav */ = {isa = PBXFileReference; lastKnownFileType = audio.wav; path = Bb3.wav; sourceTree = "<group>"; };
		90EB96E023B131970017BB6C /* Bb1.wav */ = {isa = PBXFileReference; lastKnownFileType = audio.wav; path = Bb1.wav; sourceTree = "<group>"; };
		90EB96E123B131970017BB6C /* Db6.wav */ = {isa = PBXFileReference; lastKnownFileType = audio.wav; path = Db6.wav; sourceTree = "<group>"; };
		90EB96E223B131970017BB6C /* Bb4.wav */ = {isa = PBXFileReference; lastKnownFileType = audio.wav; path = Bb4.wav; sourceTree = "<group>"; };
		90EB96E323B131970017BB6C /* A4.wav */ = {isa = PBXFileReference; lastKnownFileType = audio.wav; path = A4.wav; sourceTree = "<group>"; };
		90EB96E423B131970017BB6C /* Db2.wav */ = {isa = PBXFileReference; lastKnownFileType = audio.wav; path = Db2.wav; sourceTree = "<group>"; };
		90EB96E523B131970017BB6C /* Db3.wav */ = {isa = PBXFileReference; lastKnownFileType = audio.wav; path = Db3.wav; sourceTree = "<group>"; };
		90EB96E623B131970017BB6C /* A5.wav */ = {isa = PBXFileReference; lastKnownFileType = audio.wav; path = A5.wav; sourceTree = "<group>"; };
		90EB96E723B131970017BB6C /* Bb5.wav */ = {isa = PBXFileReference; lastKnownFileType = audio.wav; path = Bb5.wav; sourceTree = "<group>"; };
		90EB96E823B131970017BB6C /* C3.wav */ = {isa = PBXFileReference; lastKnownFileType = audio.wav; path = C3.wav; sourceTree = "<group>"; };
		90EB96E923B131970017BB6C /* Cs2.wav */ = {isa = PBXFileReference; lastKnownFileType = audio.wav; path = Cs2.wav; sourceTree = "<group>"; };
		90EB96EA23B131970017BB6C /* Cs3.wav */ = {isa = PBXFileReference; lastKnownFileType = audio.wav; path = Cs3.wav; sourceTree = "<group>"; };
		90EB96EB23B131970017BB6C /* C2.wav */ = {isa = PBXFileReference; lastKnownFileType = audio.wav; path = C2.wav; sourceTree = "<group>"; };
		90EB96EC23B131970017BB6C /* Gs5.wav */ = {isa = PBXFileReference; lastKnownFileType = audio.wav; path = Gs5.wav; sourceTree = "<group>"; };
		90EB96ED23B131970017BB6C /* B4.wav */ = {isa = PBXFileReference; lastKnownFileType = audio.wav; path = B4.wav; sourceTree = "<group>"; };
		90EB96EE23B131970017BB6C /* As3.wav */ = {isa = PBXFileReference; lastKnownFileType = audio.wav; path = As3.wav; sourceTree = "<group>"; };
		90EB96EF23B131970017BB6C /* As2.wav */ = {isa = PBXFileReference; lastKnownFileType = audio.wav; path = As2.wav; sourceTree = "<group>"; };
		90EB96F023B131970017BB6C /* B5.wav */ = {isa = PBXFileReference; lastKnownFileType = audio.wav; path = B5.wav; sourceTree = "<group>"; };
		90EB96F123B131970017BB6C /* Gs4.wav */ = {isa = PBXFileReference; lastKnownFileType = audio.wav; path = Gs4.wav; sourceTree = "<group>"; };
		90EB96F223B131970017BB6C /* C5.wav */ = {isa = PBXFileReference; lastKnownFileType = audio.wav; path = C5.wav; sourceTree = "<group>"; };
		90EB96F323B131970017BB6C /* B1.wav */ = {isa = PBXFileReference; lastKnownFileType = audio.wav; path = B1.wav; sourceTree = "<group>"; };
		90EB96F423B131970017BB6C /* Cs4.wav */ = {isa = PBXFileReference; lastKnownFileType = audio.wav; path = Cs4.wav; sourceTree = "<group>"; };
		90EB96F523B131970017BB6C /* Cs5.wav */ = {isa = PBXFileReference; lastKnownFileType = audio.wav; path = Cs5.wav; sourceTree = "<group>"; };
		90EB96F623B131970017BB6C /* C4.wav */ = {isa = PBXFileReference; lastKnownFileType = audio.wav; path = C4.wav; sourceTree = "<group>"; };
		90EB96F723B131970017BB6C /* Gs3.wav */ = {isa = PBXFileReference; lastKnownFileType = audio.wav; path = Gs3.wav; sourceTree = "<group>"; };
		90EB96F823B131970017BB6C /* B2.wav */ = {isa = PBXFileReference; lastKnownFileType = audio.wav; path = B2.wav; sourceTree = "<group>"; };
		90EB96F923B131970017BB6C /* C6.wav */ = {isa = PBXFileReference; lastKnownFileType = audio.wav; path = C6.wav; sourceTree = "<group>"; };
		90EB96FA23B131970017BB6C /* As5.wav */ = {isa = PBXFileReference; lastKnownFileType = audio.wav; path = As5.wav; sourceTree = "<group>"; };
		90EB96FB23B131970017BB6C /* As4.wav */ = {isa = PBXFileReference; lastKnownFileType = audio.wav; path = As4.wav; sourceTree = "<group>"; };
		90EB96FC23B131970017BB6C /* Cs6.wav */ = {isa = PBXFileReference; lastKnownFileType = audio.wav; path = Cs6.wav; sourceTree = "<group>"; };
		90EB96FD23B131970017BB6C /* B3.wav */ = {isa = PBXFileReference; lastKnownFileType = audio.wav; path = B3.wav; sourceTree = "<group>"; };
		90EB96FE23B131970017BB6C /* Gs2.wav */ = {isa = PBXFileReference; lastKnownFileType = audio.wav; path = Gs2.wav; sourceTree = "<group>"; };
		90EB96FF23B131970017BB6C /* D4.wav */ = {isa = PBXFileReference; lastKnownFileType = audio.wav; path = D4.wav; sourceTree = "<group>"; };
		90EB970023B131970017BB6C /* Fs5.wav */ = {isa = PBXFileReference; lastKnownFileType = audio.wav; path = Fs5.wav; sourceTree = "<group>"; };
		90EB970123B131970017BB6C /* Fs4.wav */ = {isa = PBXFileReference; lastKnownFileType = audio.wav; path = Fs4.wav; sourceTree = "<group>"; };
		90EB970223B131970017BB6C /* Ds6.wav */ = {isa = PBXFileReference; lastKnownFileType = audio.wav; path = Ds6.wav; sourceTree = "<group>"; };
		90EB970323B131970017BB6C /* D5.wav */ = {isa = PBXFileReference; lastKnownFileType = audio.wav; path = D5.wav; sourceTree = "<group>"; };
		90EB970423B131970017BB6C /* E3.wav */ = {isa = PBXFileReference; lastKnownFileType = audio.wav; path = E3.wav; sourceTree = "<group>"; };
		90EB970523B131970017BB6C /* Ds4.wav */ = {isa = PBXFileReference; lastKnownFileType = audio.wav; path = Ds4.wav; sourceTree = "<group>"; };
		90EB970623B131970017BB6C /* Ds5.wav */ = {isa = PBXFileReference; lastKnownFileType = audio.wav; path = Ds5.wav; sourceTree = "<group>"; };
		90EB970723B131970017BB6C /* D6.wav */ = {isa = PBXFileReference; lastKnownFileType = audio.wav; path = D6.wav; sourceTree = "<group>"; };
		90EB970823B131970017BB6C /* E2.wav */ = {isa = PBXFileReference; lastKnownFileType = audio.wav; path = E2.wav; sourceTree = "<group>"; };
		90EB970923B131970017BB6C /* D2.wav */ = {isa = PBXFileReference; lastKnownFileType = audio.wav; path = D2.wav; sourceTree = "<group>"; };
		90EB970A23B131970017BB6C /* Fs3.wav */ = {isa = PBXFileReference; lastKnownFileType = audio.wav; path = Fs3.wav; sourceTree = "<group>"; };
		90EB970B23B131970017BB6C /* Fs2.wav */ = {isa = PBXFileReference; lastKnownFileType = audio.wav; path = Fs2.wav; sourceTree = "<group>"; };
		90EB970C23B131970017BB6C /* D3.wav */ = {isa = PBXFileReference; lastKnownFileType = audio.wav; path = D3.wav; sourceTree = "<group>"; };
		90EB970D23B131970017BB6C /* E5.wav */ = {isa = PBXFileReference; lastKnownFileType = audio.wav; path = E5.wav; sourceTree = "<group>"; };
		90EB970E23B131970017BB6C /* Ds2.wav */ = {isa = PBXFileReference; lastKnownFileType = audio.wav; path = Ds2.wav; sourceTree = "<group>"; };
		90EB970F23B131970017BB6C /* Ds3.wav */ = {isa = PBXFileReference; lastKnownFileType = audio.wav; path = Ds3.wav; sourceTree = "<group>"; };
		90EB971023B131970017BB6C /* E4.wav */ = {isa = PBXFileReference; lastKnownFileType = audio.wav; path = E4.wav; sourceTree = "<group>"; };
/* End PBXFileReference section */

/* Begin PBXFrameworksBuildPhase section */
		90830864236AE56C00DBC014 /* Frameworks */ = {
			isa = PBXFrameworksBuildPhase;
			buildActionMask = 2147483647;
			files = (
				908308E8236AE82C00DBC014 /* Rswift in Frameworks */,
			);
			runOnlyForDeploymentPostprocessing = 0;
		};
		9083087A236AE56D00DBC014 /* Frameworks */ = {
			isa = PBXFrameworksBuildPhase;
			buildActionMask = 2147483647;
			files = (
			);
			runOnlyForDeploymentPostprocessing = 0;
		};
/* End PBXFrameworksBuildPhase section */

/* Begin PBXGroup section */
		9083085E236AE56C00DBC014 = {
			isa = PBXGroup;
			children = (
				90830869236AE56C00DBC014 /* DJ Drum */,
				90830880236AE56D00DBC014 /* DJ DrumTests */,
				90830868236AE56C00DBC014 /* Products */,
			);
			sourceTree = "<group>";
		};
		90830868236AE56C00DBC014 /* Products */ = {
			isa = PBXGroup;
			children = (
				90830867236AE56C00DBC014 /* DJ Drum.app */,
				9083087D236AE56D00DBC014 /* DJ DrumTests.xctest */,
			);
			name = Products;
			sourceTree = "<group>";
		};
		90830869236AE56C00DBC014 /* DJ Drum */ = {
			isa = PBXGroup;
			children = (
				90B0F9AA23B36DB40063BBE4 /* Resources */,
				90EB96C423B131970017BB6C /* Samples */,
				908308D7236AE6B500DBC014 /* Songs */,
				9083088C236AE64300DBC014 /* MidiParser */,
				90B0F9A223B36C660063BBE4 /* Models */,
				90B0F9A323B36C820063BBE4 /* UI */,
				90B0F9A423B36C9E0063BBE4 /* Extensions */,
				90830872236AE56D00DBC014 /* Preview Content */,
			);
			path = "DJ Drum";
			sourceTree = "<group>";
		};
		90830872236AE56D00DBC014 /* Preview Content */ = {
			isa = PBXGroup;
			children = (
				90830873236AE56D00DBC014 /* Preview Assets.xcassets */,
			);
			path = "Preview Content";
			sourceTree = "<group>";
		};
		90830880236AE56D00DBC014 /* DJ DrumTests */ = {
			isa = PBXGroup;
			children = (
				90830881236AE56D00DBC014 /* DJ_DrumTests.swift */,
				90830883236AE56D00DBC014 /* Info.plist */,
			);
			path = "DJ DrumTests";
			sourceTree = "<group>";
		};
		9083088C236AE64300DBC014 /* MidiParser */ = {
			isa = PBXGroup;
			children = (
				9083088D236AE68C00DBC014 /* Error */,
				9083088F236AE68C00DBC014 /* Instrument */,
				908308B0236AE68C00DBC014 /* MidiData */,
				90830893236AE68C00DBC014 /* MidiEvent */,
				908308A8236AE68C00DBC014 /* MidiTrack */,
				908308AD236AE68C00DBC014 /* Util */,
			);
			path = MidiParser;
			sourceTree = "<group>";
		};
		9083088D236AE68C00DBC014 /* Error */ = {
			isa = PBXGroup;
			children = (
				9083088E236AE68C00DBC014 /* MidiError.swift */,
			);
			path = Error;
			sourceTree = "<group>";
		};
		9083088F236AE68C00DBC014 /* Instrument */ = {
			isa = PBXGroup;
			children = (
				90830890236AE68C00DBC014 /* MidiPatch.swift */,
				90830891236AE68C00DBC014 /* GMPatch.swift */,
				90830892236AE68C00DBC014 /* PatchFamily.swift */,
			);
			path = Instrument;
			sourceTree = "<group>";
		};
		90830893236AE68C00DBC014 /* MidiEvent */ = {
			isa = PBXGroup;
			children = (
				90830894236AE68C00DBC014 /* MidiExtendedNoteOnEvent.swift */,
				90830895236AE68C00DBC014 /* MidiAUPresetEvent.swift */,
				90830896236AE68C00DBC014 /* MidiChannelMessage.swift */,
				90830897236AE68C00DBC014 /* EventProtocol.swift */,
				90830898236AE68C00DBC014 /* MidiRawData.swift */,
				90830899236AE68C00DBC014 /* MidiParameterEvent.swift */,
				9083089A236AE68C00DBC014 /* EventInfo.swift */,
				9083089B236AE68C00DBC014 /* Meta */,
				908308A4236AE68C00DBC014 /* MidiNote.swift */,
				908308A5236AE68C00DBC014 /* MidiEventType.swift */,
				908308A6236AE68C00DBC014 /* MidiEventUserData.swift */,
				908308A7236AE68C00DBC014 /* MidiExtendedTempo.swift */,
			);
			path = MidiEvent;
			sourceTree = "<group>";
		};
		9083089B236AE68C00DBC014 /* Meta */ = {
			isa = PBXGroup;
			children = (
				9083089C236AE68C00DBC014 /* MidiTimeSignature.swift */,
				9083089D236AE68C00DBC014 /* MetaEventProtocol.swift */,
				9083089E236AE68C00DBC014 /* MetaEvent.swift */,
				9083089F236AE68C00DBC014 /* MidiLyric.swift */,
				908308A0236AE68C00DBC014 /* MetaEventType.swift */,
				908308A1236AE68C00DBC014 /* KeySignature */,
			);
			path = Meta;
			sourceTree = "<group>";
		};
		908308A1236AE68C00DBC014 /* KeySignature */ = {
			isa = PBXGroup;
			children = (
				908308A2236AE68C00DBC014 /* MidiKeySignature.swift */,
				908308A3236AE68C00DBC014 /* KeySignature.swift */,
			);
			path = KeySignature;
			sourceTree = "<group>";
		};
		908308A8236AE68C00DBC014 /* MidiTrack */ = {
			isa = PBXGroup;
			children = (
				908308A9236AE68C00DBC014 /* MidiTempoTrack.swift */,
				908308AA236AE68C00DBC014 /* SequenceTrackProperty.swift */,
				908308AB236AE68C00DBC014 /* MidiTrack.swift */,
				908308AC236AE68C00DBC014 /* MidiNoteTrack.swift */,
			);
			path = MidiTrack;
			sourceTree = "<group>";
		};
		908308AD236AE68C00DBC014 /* Util */ = {
			isa = PBXGroup;
			children = (
				908308AE236AE68C00DBC014 /* Util.swift */,
				908308AF236AE68C00DBC014 /* Byte.swift */,
			);
			path = Util;
			sourceTree = "<group>";
		};
		908308B0236AE68C00DBC014 /* MidiData */ = {
			isa = PBXGroup;
			children = (
				908308B1236AE68C00DBC014 /* MidiData.swift */,
				908308B2236AE68C00DBC014 /* HeaderChunk.swift */,
				908308B3236AE68C00DBC014 /* MidiInfoKey.swift */,
				908308B4236AE68C00DBC014 /* EventIterator.swift */,
				908308B5236AE68C00DBC014 /* MidiSequence.swift */,
			);
			path = MidiData;
			sourceTree = "<group>";
		};
		908308D7236AE6B500DBC014 /* Songs */ = {
			isa = PBXGroup;
			children = (
				90B79ECE2374E0A400A377E1 /* ALESSO_HEROES.mid */,
				908308DB236AE72300DBC014 /* Amour_tojours.mid */,
				90B79EC22374E0A300A377E1 /* Animals_-_Martin_Garrix.mid */,
				90B79EC32374E0A300A377E1 /* Animals-Martin_Garrix.mid */,
				90B79EC02374E0A300A377E1 /* Avicii__Fade_Into_Darkness.mid */,
				90B79EC62374E0A300A377E1 /* Avicii_-_Heaven_Chris_Martin.mid */,
				90830909236BA6BD00DBC014 /* Avicii_-_Lonely_Together_ft._Rita_Ora.mid */,
				9083090A236BA6BD00DBC014 /* Avicii_-_SOS.mid */,
				90B79ECD2374E0A400A377E1 /* Avicii_-_Without_You_feat._Sandro_Cavazza.mid */,
				90830913236BA6BD00DBC014 /* Avicii_levels.mid */,
				9083090E236BA6BD00DBC014 /* Avicii_Medley.mid */,
				90830911236BA6BD00DBC014 /* Axwell__Ingrosso_-_Dreamer_ft.mid */,
				90B79EC72374E0A300A377E1 /* Axwell_L_Ingrosso_-_More_Than_You_Know.mid */,
				908308D9236AE72300DBC014 /* Belong.mid */,
				908308D8236AE72300DBC014 /* Calling.mid */,
				90830907236BA6BD00DBC014 /* Heaven_-_Avicii__Piano_Tutorial.mid */,
				90830910236BA6BD00DBC014 /* Heroes_-Alesso_for_Front_ensemble.mid */,
				90B79EC12374E0A300A377E1 /* High_on_Life.mid */,
				90B79EC92374E0A300A377E1 /* High_on_Life.mscz.mid */,
				90B79ECA2374E0A300A377E1 /* Levels.mid */,
				908308DD236AE72300DBC014 /* Lonely_together.mid */,
				90B79EC82374E0A300A377E1 /* Marshmello_-_Alone.mid */,
				908308DE236AE72400DBC014 /* More_than_you_know.mid */,
				90B79ED12374E0A400A377E1 /* On_My_Way_-_AxwellIngrosso.mid */,
				90B79ECF2374E0A400A377E1 /* Pizza_Orchestral_Martin_garrix.mid */,
				90B79ED02374E0A400A377E1 /* Red_Lights.mid */,
				9083090B236BA6BD00DBC014 /* Sebastian_Ingrosso_-_Reload.mid */,
				908308DA236AE72300DBC014 /* Secrets.mid */,
				90B79ECB2374E0A400A377E1 /* Something_Just_Like_This-The_Chainsmokers.mid */,
				9083090D236BA6BD00DBC014 /* SOS_-_Avicii__Aloe_Blacc.mid */,
				90830908236BA6BD00DBC014 /* Sun_Is_Shining.mid */,
				90B79EC42374E0A300A377E1 /* Swedish_House_Mafia_Medley.mid */,
				90B79ECC2374E0A400A377E1 /* tiesto_written_in_reverse.mid */,
				90B79EC52374E0A300A377E1 /* Waiting_For_Love.mid */,
				90830915236BA6BE00DBC014 /* Wake_Me_Up_-_Avicii.mid */,
				90830906236BA6BC00DBC014 /* Wake_me_up_Avicii-2.mid */,
				90830918236BA6BE00DBC014 /* Wake_Me_Up_Avicii.mid */,
				908308DC236AE72300DBC014 /* Years.mid */,
			);
			path = Songs;
			sourceTree = "<group>";
		};
		90B0F9A223B36C660063BBE4 /* Models */ = {
			isa = PBXGroup;
			children = (
				908308FC236B550700DBC014 /* DrumState.swift */,
				9083092C236BA85900DBC014 /* SongProvider.swift */,
				90B0F99E23B34BEC0063BBE4 /* TestSong.swift */,
				90635E97236C380100DF16E6 /* MidiNotesPlayer.swift */,
				90EB96C123B130C10017BB6C /* PianoPlayer.swift */,
				90B0F9A023B34C4F0063BBE4 /* Note.swift */,
			);
			path = Models;
			sourceTree = "<group>";
		};
		90B0F9A323B36C820063BBE4 /* UI */ = {
			isa = PBXGroup;
			children = (
				90B0F9AB23B370F50063BBE4 /* PlayingView */,
				90B0F9A623B36CDC0063BBE4 /* TutorialView */,
				908308EE236AEAE900DBC014 /* SelectSongView.swift */,
				908308F0236AECB100DBC014 /* SelectTrackView.swift */,
				908308F6236AF84000DBC014 /* PadView.swift */,
				908308FA236B4FF900DBC014 /* DrumView.swift */,
				90830902236BA31900DBC014 /* OctavesView.swift */,
				90830904236BA50300DBC014 /* SlowControlView.swift */,
				90B0F9A723B36D1E0063BBE4 /* MainView.swift */,
			);
			path = UI;
			sourceTree = "<group>";
		};
		90B0F9A423B36C9E0063BBE4 /* Extensions */ = {
			isa = PBXGroup;
			children = (
				90830900236B952A00DBC014 /* MidiNoteExtension.swift */,
			);
			path = Extensions;
			sourceTree = "<group>";
		};
		90B0F9A623B36CDC0063BBE4 /* TutorialView */ = {
			isa = PBXGroup;
			children = (
				908308F2236AF0BE00DBC014 /* TutorialView.swift */,
				908308FE236B7CD800DBC014 /* TutorialViewModel.swift */,
			);
			path = TutorialView;
			sourceTree = "<group>";
		};
		90B0F9AA23B36DB40063BBE4 /* Resources */ = {
			isa = PBXGroup;
			children = (
				9083086A236AE56C00DBC014 /* AppDelegate.swift */,
				9083086C236AE56C00DBC014 /* SceneDelegate.swift */,
				90830870236AE56D00DBC014 /* Assets.xcassets */,
				90830875236AE56D00DBC014 /* LaunchScreen.storyboard */,
				908308EA236AE94D00DBC014 /* R.generated.swift */,
				9083092E236BAEFB00DBC014 /* DJ Drum.entitlements */,
				90830878236AE56D00DBC014 /* Info.plist */,
			);
			name = Resources;
			sourceTree = "<group>";
		};
		90B0F9AB23B370F50063BBE4 /* PlayingView */ = {
			isa = PBXGroup;
			children = (
			);
			path = PlayingView;
			sourceTree = "<group>";
		};
		90EB96C423B131970017BB6C /* Samples */ = {
			isa = PBXGroup;
			children = (
				90EB96C523B131970017BB6C /* Gb5.wav */,
				90EB96C623B131970017BB6C /* Ab3.wav */,
				90EB96C723B131970017BB6C /* F5.wav */,
				90EB96C823B131970017BB6C /* F4.wav */,
				90EB96C923B131970017BB6C /* Ab2.wav */,
				90EB96CA23B131970017BB6C /* Gb4.wav */,
				90EB96CB23B131970017BB6C /* Eb6.wav */,
				90EB96CC23B131970017BB6C /* Eb4.wav */,
				90EB96CD23B131970017BB6C /* G2.wav */,
				90EB96CE23B131970017BB6C /* G3.wav */,
				90EB96CF23B131970017BB6C /* Eb5.wav */,
				90EB96D023B131970017BB6C /* Gb3.wav */,
				90EB96D123B131970017BB6C /* Ab5.wav */,
				90EB96D223B131970017BB6C /* F3.wav */,
				90EB96D323B131970017BB6C /* F2.wav */,
				90EB96D423B131970017BB6C /* Ab4.wav */,
				90EB96D523B131970017BB6C /* Gb2.wav */,
				90EB96D623B131970017BB6C /* Eb2.wav */,
				90EB96D723B131970017BB6C /* G4.wav */,
				90EB96D823B131970017BB6C /* G5.wav */,
				90EB96D923B131970017BB6C /* Eb3.wav */,
				90EB96DA23B131970017BB6C /* Bb2.wav */,
				90EB96DB23B131970017BB6C /* A2.wav */,
				90EB96DC23B131970017BB6C /* Db4.wav */,
				90EB96DD23B131970017BB6C /* Db5.wav */,
				90EB96DE23B131970017BB6C /* A3.wav */,
				90EB96DF23B131970017BB6C /* Bb3.wav */,
				90EB96E023B131970017BB6C /* Bb1.wav */,
				90EB96E123B131970017BB6C /* Db6.wav */,
				90EB96E223B131970017BB6C /* Bb4.wav */,
				90EB96E323B131970017BB6C /* A4.wav */,
				90EB96E423B131970017BB6C /* Db2.wav */,
				90EB96E523B131970017BB6C /* Db3.wav */,
				90EB96E623B131970017BB6C /* A5.wav */,
				90EB96E723B131970017BB6C /* Bb5.wav */,
				90EB96E823B131970017BB6C /* C3.wav */,
				90EB96E923B131970017BB6C /* Cs2.wav */,
				90EB96EA23B131970017BB6C /* Cs3.wav */,
				90EB96EB23B131970017BB6C /* C2.wav */,
				90EB96EC23B131970017BB6C /* Gs5.wav */,
				90EB96ED23B131970017BB6C /* B4.wav */,
				90EB96EE23B131970017BB6C /* As3.wav */,
				90EB96EF23B131970017BB6C /* As2.wav */,
				90EB96F023B131970017BB6C /* B5.wav */,
				90EB96F123B131970017BB6C /* Gs4.wav */,
				90EB96F223B131970017BB6C /* C5.wav */,
				90EB96F323B131970017BB6C /* B1.wav */,
				90EB96F423B131970017BB6C /* Cs4.wav */,
				90EB96F523B131970017BB6C /* Cs5.wav */,
				90EB96F623B131970017BB6C /* C4.wav */,
				90EB96F723B131970017BB6C /* Gs3.wav */,
				90EB96F823B131970017BB6C /* B2.wav */,
				90EB96F923B131970017BB6C /* C6.wav */,
				90EB96FA23B131970017BB6C /* As5.wav */,
				90EB96FB23B131970017BB6C /* As4.wav */,
				90EB96FC23B131970017BB6C /* Cs6.wav */,
				90EB96FD23B131970017BB6C /* B3.wav */,
				90EB96FE23B131970017BB6C /* Gs2.wav */,
				90EB96FF23B131970017BB6C /* D4.wav */,
				90EB970023B131970017BB6C /* Fs5.wav */,
				90EB970123B131970017BB6C /* Fs4.wav */,
				90EB970223B131970017BB6C /* Ds6.wav */,
				90EB970323B131970017BB6C /* D5.wav */,
				90EB970423B131970017BB6C /* E3.wav */,
				90EB970523B131970017BB6C /* Ds4.wav */,
				90EB970623B131970017BB6C /* Ds5.wav */,
				90EB970723B131970017BB6C /* D6.wav */,
				90EB970823B131970017BB6C /* E2.wav */,
				90EB970923B131970017BB6C /* D2.wav */,
				90EB970A23B131970017BB6C /* Fs3.wav */,
				90EB970B23B131970017BB6C /* Fs2.wav */,
				90EB970C23B131970017BB6C /* D3.wav */,
				90EB970D23B131970017BB6C /* E5.wav */,
				90EB970E23B131970017BB6C /* Ds2.wav */,
				90EB970F23B131970017BB6C /* Ds3.wav */,
				90EB971023B131970017BB6C /* E4.wav */,
			);
			path = Samples;
			sourceTree = "<group>";
		};
/* End PBXGroup section */

/* Begin PBXNativeTarget section */
		90830866236AE56C00DBC014 /* DJ Drum */ = {
			isa = PBXNativeTarget;
			buildConfigurationList = 90830886236AE56D00DBC014 /* Build configuration list for PBXNativeTarget "DJ Drum" */;
			buildPhases = (
				908308E9236AE8FA00DBC014 /* R.Swift */,
				90830863236AE56C00DBC014 /* Sources */,
				90830864236AE56C00DBC014 /* Frameworks */,
				90830865236AE56C00DBC014 /* Resources */,
			);
			buildRules = (
			);
			dependencies = (
			);
			name = "DJ Drum";
			packageProductDependencies = (
				908308E7236AE82C00DBC014 /* Rswift */,
			);
			productName = "DJ Drum";
			productReference = 90830867236AE56C00DBC014 /* DJ Drum.app */;
			productType = "com.apple.product-type.application";
		};
		9083087C236AE56D00DBC014 /* DJ DrumTests */ = {
			isa = PBXNativeTarget;
			buildConfigurationList = 90830889236AE56D00DBC014 /* Build configuration list for PBXNativeTarget "DJ DrumTests" */;
			buildPhases = (
				90830879236AE56D00DBC014 /* Sources */,
				9083087A236AE56D00DBC014 /* Frameworks */,
				9083087B236AE56D00DBC014 /* Resources */,
			);
			buildRules = (
			);
			dependencies = (
				9083087F236AE56D00DBC014 /* PBXTargetDependency */,
			);
			name = "DJ DrumTests";
			productName = "DJ DrumTests";
			productReference = 9083087D236AE56D00DBC014 /* DJ DrumTests.xctest */;
			productType = "com.apple.product-type.bundle.unit-test";
		};
/* End PBXNativeTarget section */

/* Begin PBXProject section */
		9083085F236AE56C00DBC014 /* Project object */ = {
			isa = PBXProject;
			attributes = {
				LastSwiftUpdateCheck = 1110;
				LastUpgradeCheck = 1110;
				ORGANIZATIONNAME = "Michele Gruppioni";
				TargetAttributes = {
					90830866236AE56C00DBC014 = {
						CreatedOnToolsVersion = 11.1;
					};
					9083087C236AE56D00DBC014 = {
						CreatedOnToolsVersion = 11.1;
						TestTargetID = 90830866236AE56C00DBC014;
					};
				};
			};
			buildConfigurationList = 90830862236AE56C00DBC014 /* Build configuration list for PBXProject "DJ Drum" */;
			compatibilityVersion = "Xcode 9.3";
			developmentRegion = en;
			hasScannedForEncodings = 0;
			knownRegions = (
				en,
				Base,
			);
			mainGroup = 9083085E236AE56C00DBC014;
			packageReferences = (
				908308E6236AE82C00DBC014 /* XCRemoteSwiftPackageReference "R.swift" */,
			);
			productRefGroup = 90830868236AE56C00DBC014 /* Products */;
			projectDirPath = "";
			projectRoot = "";
			targets = (
				90830866236AE56C00DBC014 /* DJ Drum */,
				9083087C236AE56D00DBC014 /* DJ DrumTests */,
			);
		};
/* End PBXProject section */

/* Begin PBXResourcesBuildPhase section */
		90830865236AE56C00DBC014 /* Resources */ = {
			isa = PBXResourcesBuildPhase;
			buildActionMask = 2147483647;
			files = (
				90EB973423B131970017BB6C /* C3.wav in Resources */,
				90EB974923B131970017BB6C /* B3.wav in Resources */,
				90EB971723B131970017BB6C /* Eb6.wav in Resources */,
				90EB975223B131970017BB6C /* Ds5.wav in Resources */,
				90EB974A23B131970017BB6C /* Gs2.wav in Resources */,
				90EB971223B131970017BB6C /* Ab3.wav in Resources */,
				90EB975023B131970017BB6C /* E3.wav in Resources */,
				90B79EE02374E0A400A377E1 /* ALESSO_HEROES.mid in Resources */,
				908308E1236AE72400DBC014 /* Secrets.mid in Resources */,
				90830877236AE56D00DBC014 /* LaunchScreen.storyboard in Resources */,
				90EB974823B131970017BB6C /* Cs6.wav in Resources */,
				908308E2236AE72400DBC014 /* Amour_tojours.mid in Resources */,
				90EB974B23B131970017BB6C /* D4.wav in Resources */,
				90EB974E23B131970017BB6C /* Ds6.wav in Resources */,
				90B79EE22374E0A400A377E1 /* Red_Lights.mid in Resources */,
				90EB971B23B131970017BB6C /* Eb5.wav in Resources */,
				90EB973B23B131970017BB6C /* As2.wav in Resources */,
				90B79EDF2374E0A400A377E1 /* Avicii_-_Without_You_feat._Sandro_Cavazza.mid in Resources */,
				908308E4236AE72400DBC014 /* Lonely_together.mid in Resources */,
				90830924236BA6BE00DBC014 /* Axwell__Ingrosso_-_Dreamer_ft.mid in Resources */,
				90B79ED72374E0A400A377E1 /* Waiting_For_Love.mid in Resources */,
				90B79EDB2374E0A400A377E1 /* High_on_Life.mscz.mid in Resources */,
				90B79EDE2374E0A400A377E1 /* tiesto_written_in_reverse.mid in Resources */,
				90EB973A23B131970017BB6C /* As3.wav in Resources */,
				90EB973523B131970017BB6C /* Cs2.wav in Resources */,
				90EB975823B131970017BB6C /* D3.wav in Resources */,
				90EB974123B131970017BB6C /* Cs5.wav in Resources */,
				90EB974023B131970017BB6C /* Cs4.wav in Resources */,
				90EB972123B131970017BB6C /* Gb2.wav in Resources */,
				90EB975323B131970017BB6C /* D6.wav in Resources */,
				90EB973E23B131970017BB6C /* C5.wav in Resources */,
				90830923236BA6BE00DBC014 /* Heroes_-Alesso_for_Front_ensemble.mid in Resources */,
				90EB971323B131970017BB6C /* F5.wav in Resources */,
				90B79EE32374E0A400A377E1 /* On_My_Way_-_AxwellIngrosso.mid in Resources */,
				908308DF236AE72400DBC014 /* Calling.mid in Resources */,
				90EB974623B131970017BB6C /* As5.wav in Resources */,
				90B79EE12374E0A400A377E1 /* Pizza_Orchestral_Martin_garrix.mid in Resources */,
				90EB972223B131970017BB6C /* Eb2.wav in Resources */,
				90EB972E23B131970017BB6C /* Bb4.wav in Resources */,
				90B79ED42374E0A400A377E1 /* Animals_-_Martin_Garrix.mid in Resources */,
				908308E0236AE72400DBC014 /* Belong.mid in Resources */,
				90EB973F23B131970017BB6C /* B1.wav in Resources */,
				90830920236BA6BE00DBC014 /* SOS_-_Avicii__Aloe_Blacc.mid in Resources */,
				90EB972823B131970017BB6C /* Db4.wav in Resources */,
				90EB971423B131970017BB6C /* F4.wav in Resources */,
				90EB972B23B131970017BB6C /* Bb3.wav in Resources */,
				90EB975423B131970017BB6C /* E2.wav in Resources */,
				9083091E236BA6BE00DBC014 /* Sebastian_Ingrosso_-_Reload.mid in Resources */,
				90EB971523B131970017BB6C /* Ab2.wav in Resources */,
				9083091C236BA6BE00DBC014 /* Avicii_-_Lonely_Together_ft._Rita_Ora.mid in Resources */,
				90EB974223B131970017BB6C /* C4.wav in Resources */,
				908308E3236AE72400DBC014 /* Years.mid in Resources */,
				90EB975C23B131970017BB6C /* E4.wav in Resources */,
				90EB972923B131970017BB6C /* Db5.wav in Resources */,
				90EB971D23B131970017BB6C /* Ab5.wav in Resources */,
				90EB973123B131970017BB6C /* Db3.wav in Resources */,
				90EB973223B131970017BB6C /* A5.wav in Resources */,
				90B79ED82374E0A400A377E1 /* Avicii_-_Heaven_Chris_Martin.mid in Resources */,
				90B79ED22374E0A400A377E1 /* Avicii__Fade_Into_Darkness.mid in Resources */,
				90EB975623B131970017BB6C /* Fs3.wav in Resources */,
				90EB973023B131970017BB6C /* Db2.wav in Resources */,
				90EB973D23B131970017BB6C /* Gs4.wav in Resources */,
				90EB971E23B131970017BB6C /* F3.wav in Resources */,
				90B79ED62374E0A400A377E1 /* Swedish_House_Mafia_Medley.mid in Resources */,
				90EB972A23B131970017BB6C /* A3.wav in Resources */,
				90EB974323B131970017BB6C /* Gs3.wav in Resources */,
				90EB975B23B131970017BB6C /* Ds3.wav in Resources */,
				90EB973623B131970017BB6C /* Cs3.wav in Resources */,
				90EB974C23B131970017BB6C /* Fs5.wav in Resources */,
				90EB974D23B131970017BB6C /* Fs4.wav in Resources */,
				90EB972423B131970017BB6C /* G5.wav in Resources */,
				90830921236BA6BE00DBC014 /* Avicii_Medley.mid in Resources */,
				90830926236BA6BE00DBC014 /* Avicii_levels.mid in Resources */,
				90830919236BA6BE00DBC014 /* Wake_me_up_Avicii-2.mid in Resources */,
				90830928236BA6BE00DBC014 /* Wake_Me_Up_-_Avicii.mid in Resources */,
				9083092B236BA6BE00DBC014 /* Wake_Me_Up_Avicii.mid in Resources */,
				90830874236AE56D00DBC014 /* Preview Assets.xcassets in Resources */,
				90EB974523B131970017BB6C /* C6.wav in Resources */,
				90830871236AE56D00DBC014 /* Assets.xcassets in Resources */,
				90EB975123B131970017BB6C /* Ds4.wav in Resources */,
				90EB975923B131970017BB6C /* E5.wav in Resources */,
				90B79EDC2374E0A400A377E1 /* Levels.mid in Resources */,
				90B79EDA2374E0A400A377E1 /* Marshmello_-_Alone.mid in Resources */,
				90EB973723B131970017BB6C /* C2.wav in Resources */,
				9083091B236BA6BE00DBC014 /* Sun_Is_Shining.mid in Resources */,
				90EB973823B131970017BB6C /* Gs5.wav in Resources */,
				90EB973923B131970017BB6C /* B4.wav in Resources */,
				90EB971F23B131970017BB6C /* F2.wav in Resources */,
				90EB972323B131970017BB6C /* G4.wav in Resources */,
				90EB975A23B131970017BB6C /* Ds2.wav in Resources */,
				90B79ED52374E0A400A377E1 /* Animals-Martin_Garrix.mid in Resources */,
				90EB972623B131970017BB6C /* Bb2.wav in Resources */,
				90B79ED32374E0A400A377E1 /* High_on_Life.mid in Resources */,
				90EB974723B131970017BB6C /* As4.wav in Resources */,
				90EB972C23B131970017BB6C /* Bb1.wav in Resources */,
				90EB972023B131970017BB6C /* Ab4.wav in Resources */,
				90EB975523B131970017BB6C /* D2.wav in Resources */,
				90EB971823B131970017BB6C /* Eb4.wav in Resources */,
				90EB972D23B131970017BB6C /* Db6.wav in Resources */,
				90EB975723B131970017BB6C /* Fs2.wav in Resources */,
				90EB973C23B131970017BB6C /* B5.wav in Resources */,
				9083091A236BA6BE00DBC014 /* Heaven_-_Avicii__Piano_Tutorial.mid in Resources */,
				90EB972723B131970017BB6C /* A2.wav in Resources */,
				90EB971A23B131970017BB6C /* G3.wav in Resources */,
				90EB974F23B131970017BB6C /* D5.wav in Resources */,
				9083091D236BA6BE00DBC014 /* Avicii_-_SOS.mid in Resources */,
				90EB972F23B131970017BB6C /* A4.wav in Resources */,
				90B79EDD2374E0A400A377E1 /* Something_Just_Like_This-The_Chainsmokers.mid in Resources */,
				90EB971923B131970017BB6C /* G2.wav in Resources */,
				90EB971123B131970017BB6C /* Gb5.wav in Resources */,
				908308E5236AE72400DBC014 /* More_than_you_know.mid in Resources */,
				90EB971C23B131970017BB6C /* Gb3.wav in Resources */,
				90EB973323B131970017BB6C /* Bb5.wav in Resources */,
				90EB971623B131970017BB6C /* Gb4.wav in Resources */,
				90EB974423B131970017BB6C /* B2.wav in Resources */,
				90B79ED92374E0A400A377E1 /* Axwell_L_Ingrosso_-_More_Than_You_Know.mid in Resources */,
				90EB972523B131970017BB6C /* Eb3.wav in Resources */,
			);
			runOnlyForDeploymentPostprocessing = 0;
		};
		9083087B236AE56D00DBC014 /* Resources */ = {
			isa = PBXResourcesBuildPhase;
			buildActionMask = 2147483647;
			files = (
			);
			runOnlyForDeploymentPostprocessing = 0;
		};
/* End PBXResourcesBuildPhase section */

/* Begin PBXShellScriptBuildPhase section */
		908308E9236AE8FA00DBC014 /* R.Swift */ = {
			isa = PBXShellScriptBuildPhase;
			buildActionMask = 2147483647;
			files = (
			);
			inputFileListPaths = (
			);
			inputPaths = (
				"$TEMP_DIR/rswift-lastrun",
			);
			name = R.Swift;
			outputFileListPaths = (
			);
			outputPaths = (
				$SRCROOT/R.generated.swift,
			);
			runOnlyForDeploymentPostprocessing = 0;
			shellPath = /bin/sh;
			shellScript = "# Type a script or drag a script file from your workspace to insert its path.\nif hash rswift 2>/dev/null; then\n    rswift generate \"$SRCROOT/R.generated.swift\"\nelse\n    echo \"RSwift not installed, you cannot add songs\"\nfi\n";
		};
/* End PBXShellScriptBuildPhase section */

/* Begin PBXSourcesBuildPhase section */
		90830863236AE56C00DBC014 /* Sources */ = {
			isa = PBXSourcesBuildPhase;
			buildActionMask = 2147483647;
			files = (
				90830903236BA31900DBC014 /* OctavesView.swift in Sources */,
				90B0F9A823B36D1E0063BBE4 /* MainView.swift in Sources */,
				908308FB236B4FF900DBC014 /* DrumView.swift in Sources */,
				908308CA236AE68C00DBC014 /* MidiEventUserData.swift in Sources */,
				908308CF236AE68C00DBC014 /* MidiNoteTrack.swift in Sources */,
				908308D1236AE68C00DBC014 /* Byte.swift in Sources */,
				9083086B236AE56C00DBC014 /* AppDelegate.swift in Sources */,
				908308F3236AF0BE00DBC014 /* TutorialView.swift in Sources */,
				908308C7236AE68C00DBC014 /* KeySignature.swift in Sources */,
				908308BA236AE68C00DBC014 /* MidiExtendedNoteOnEvent.swift in Sources */,
				908308D2236AE68C00DBC014 /* MidiData.swift in Sources */,
				90EB96C223B130C10017BB6C /* PianoPlayer.swift in Sources */,
				908308CC236AE68C00DBC014 /* MidiTempoTrack.swift in Sources */,
				908308F1236AECB100DBC014 /* SelectTrackView.swift in Sources */,
				908308C9236AE68C00DBC014 /* MidiEventType.swift in Sources */,
				908308D0236AE68C00DBC014 /* Util.swift in Sources */,
				908308EB236AE94D00DBC014 /* R.generated.swift in Sources */,
				9083086D236AE56C00DBC014 /* SceneDelegate.swift in Sources */,
				90830901236B952A00DBC014 /* MidiNoteExtension.swift in Sources */,
				908308FF236B7CD800DBC014 /* TutorialViewModel.swift in Sources */,
				90830905236BA50300DBC014 /* SlowControlView.swift in Sources */,
				908308C8236AE68C00DBC014 /* MidiNote.swift in Sources */,
				9083092D236BA85900DBC014 /* SongProvider.swift in Sources */,
				908308BD236AE68C00DBC014 /* EventProtocol.swift in Sources */,
				908308D4236AE68C00DBC014 /* MidiInfoKey.swift in Sources */,
				908308C1236AE68C00DBC014 /* MidiTimeSignature.swift in Sources */,
				908308BF236AE68C00DBC014 /* MidiParameterEvent.swift in Sources */,
				908308C0236AE68C00DBC014 /* EventInfo.swift in Sources */,
				908308B6236AE68C00DBC014 /* MidiError.swift in Sources */,
				908308FD236B550700DBC014 /* DrumState.swift in Sources */,
				908308D3236AE68C00DBC014 /* HeaderChunk.swift in Sources */,
				908308BB236AE68C00DBC014 /* MidiAUPresetEvent.swift in Sources */,
				908308BC236AE68C00DBC014 /* MidiChannelMessage.swift in Sources */,
				90635E98236C380100DF16E6 /* MidiNotesPlayer.swift in Sources */,
				908308F7236AF84000DBC014 /* PadView.swift in Sources */,
				908308EF236AEAE900DBC014 /* SelectSongView.swift in Sources */,
				908308B8236AE68C00DBC014 /* GMPatch.swift in Sources */,
				908308C5236AE68C00DBC014 /* MetaEventType.swift in Sources */,
				908308C4236AE68C00DBC014 /* MidiLyric.swift in Sources */,
				908308C3236AE68C00DBC014 /* MetaEvent.swift in Sources */,
				908308B7236AE68C00DBC014 /* MidiPatch.swift in Sources */,
				908308CD236AE68C00DBC014 /* SequenceTrackProperty.swift in Sources */,
				908308C2236AE68C00DBC014 /* MetaEventProtocol.swift in Sources */,
				908308B9236AE68C00DBC014 /* PatchFamily.swift in Sources */,
				908308CB236AE68C00DBC014 /* MidiExtendedTempo.swift in Sources */,
				90B0F99F23B34BEC0063BBE4 /* TestSong.swift in Sources */,
				908308D5236AE68C00DBC014 /* EventIterator.swift in Sources */,
				908308BE236AE68C00DBC014 /* MidiRawData.swift in Sources */,
				90B0F9A123B34C4F0063BBE4 /* Note.swift in Sources */,
				908308D6236AE68C00DBC014 /* MidiSequence.swift in Sources */,
				908308CE236AE68C00DBC014 /* MidiTrack.swift in Sources */,
				908308C6236AE68C00DBC014 /* MidiKeySignature.swift in Sources */,
			);
			runOnlyForDeploymentPostprocessing = 0;
		};
		90830879236AE56D00DBC014 /* Sources */ = {
			isa = PBXSourcesBuildPhase;
			buildActionMask = 2147483647;
			files = (
				90830882236AE56D00DBC014 /* DJ_DrumTests.swift in Sources */,
			);
			runOnlyForDeploymentPostprocessing = 0;
		};
/* End PBXSourcesBuildPhase section */

/* Begin PBXTargetDependency section */
		9083087F236AE56D00DBC014 /* PBXTargetDependency */ = {
			isa = PBXTargetDependency;
			target = 90830866236AE56C00DBC014 /* DJ Drum */;
			targetProxy = 9083087E236AE56D00DBC014 /* PBXContainerItemProxy */;
		};
/* End PBXTargetDependency section */

/* Begin PBXVariantGroup section */
		90830875236AE56D00DBC014 /* LaunchScreen.storyboard */ = {
			isa = PBXVariantGroup;
			children = (
				90830876236AE56D00DBC014 /* Base */,
			);
			name = LaunchScreen.storyboard;
			sourceTree = "<group>";
		};
/* End PBXVariantGroup section */

/* Begin XCBuildConfiguration section */
		90830884236AE56D00DBC014 /* Debug */ = {
			isa = XCBuildConfiguration;
			buildSettings = {
				ALWAYS_SEARCH_USER_PATHS = NO;
				CLANG_ANALYZER_NONNULL = YES;
				CLANG_ANALYZER_NUMBER_OBJECT_CONVERSION = YES_AGGRESSIVE;
				CLANG_CXX_LANGUAGE_STANDARD = "gnu++14";
				CLANG_CXX_LIBRARY = "libc++";
				CLANG_ENABLE_MODULES = YES;
				CLANG_ENABLE_OBJC_ARC = YES;
				CLANG_ENABLE_OBJC_WEAK = YES;
				CLANG_WARN_BLOCK_CAPTURE_AUTORELEASING = YES;
				CLANG_WARN_BOOL_CONVERSION = YES;
				CLANG_WARN_COMMA = YES;
				CLANG_WARN_CONSTANT_CONVERSION = YES;
				CLANG_WARN_DEPRECATED_OBJC_IMPLEMENTATIONS = YES;
				CLANG_WARN_DIRECT_OBJC_ISA_USAGE = YES_ERROR;
				CLANG_WARN_DOCUMENTATION_COMMENTS = YES;
				CLANG_WARN_EMPTY_BODY = YES;
				CLANG_WARN_ENUM_CONVERSION = YES;
				CLANG_WARN_INFINITE_RECURSION = YES;
				CLANG_WARN_INT_CONVERSION = YES;
				CLANG_WARN_NON_LITERAL_NULL_CONVERSION = YES;
				CLANG_WARN_OBJC_IMPLICIT_RETAIN_SELF = YES;
				CLANG_WARN_OBJC_LITERAL_CONVERSION = YES;
				CLANG_WARN_OBJC_ROOT_CLASS = YES_ERROR;
				CLANG_WARN_RANGE_LOOP_ANALYSIS = YES;
				CLANG_WARN_STRICT_PROTOTYPES = YES;
				CLANG_WARN_SUSPICIOUS_MOVE = YES;
				CLANG_WARN_UNGUARDED_AVAILABILITY = YES_AGGRESSIVE;
				CLANG_WARN_UNREACHABLE_CODE = YES;
				CLANG_WARN__DUPLICATE_METHOD_MATCH = YES;
				COPY_PHASE_STRIP = NO;
				DEBUG_INFORMATION_FORMAT = dwarf;
				ENABLE_STRICT_OBJC_MSGSEND = YES;
				ENABLE_TESTABILITY = YES;
				GCC_C_LANGUAGE_STANDARD = gnu11;
				GCC_DYNAMIC_NO_PIC = NO;
				GCC_NO_COMMON_BLOCKS = YES;
				GCC_OPTIMIZATION_LEVEL = 0;
				GCC_PREPROCESSOR_DEFINITIONS = (
					"DEBUG=1",
					"$(inherited)",
				);
				GCC_WARN_64_TO_32_BIT_CONVERSION = YES;
				GCC_WARN_ABOUT_RETURN_TYPE = YES_ERROR;
				GCC_WARN_UNDECLARED_SELECTOR = YES;
				GCC_WARN_UNINITIALIZED_AUTOS = YES_AGGRESSIVE;
				GCC_WARN_UNUSED_FUNCTION = YES;
				GCC_WARN_UNUSED_VARIABLE = YES;
				IPHONEOS_DEPLOYMENT_TARGET = 13.1;
				MTL_ENABLE_DEBUG_INFO = INCLUDE_SOURCE;
				MTL_FAST_MATH = YES;
				ONLY_ACTIVE_ARCH = YES;
				SDKROOT = iphoneos;
				SWIFT_ACTIVE_COMPILATION_CONDITIONS = DEBUG;
				SWIFT_OPTIMIZATION_LEVEL = "-Onone";
			};
			name = Debug;
		};
		90830885236AE56D00DBC014 /* Release */ = {
			isa = XCBuildConfiguration;
			buildSettings = {
				ALWAYS_SEARCH_USER_PATHS = NO;
				CLANG_ANALYZER_NONNULL = YES;
				CLANG_ANALYZER_NUMBER_OBJECT_CONVERSION = YES_AGGRESSIVE;
				CLANG_CXX_LANGUAGE_STANDARD = "gnu++14";
				CLANG_CXX_LIBRARY = "libc++";
				CLANG_ENABLE_MODULES = YES;
				CLANG_ENABLE_OBJC_ARC = YES;
				CLANG_ENABLE_OBJC_WEAK = YES;
				CLANG_WARN_BLOCK_CAPTURE_AUTORELEASING = YES;
				CLANG_WARN_BOOL_CONVERSION = YES;
				CLANG_WARN_COMMA = YES;
				CLANG_WARN_CONSTANT_CONVERSION = YES;
				CLANG_WARN_DEPRECATED_OBJC_IMPLEMENTATIONS = YES;
				CLANG_WARN_DIRECT_OBJC_ISA_USAGE = YES_ERROR;
				CLANG_WARN_DOCUMENTATION_COMMENTS = YES;
				CLANG_WARN_EMPTY_BODY = YES;
				CLANG_WARN_ENUM_CONVERSION = YES;
				CLANG_WARN_INFINITE_RECURSION = YES;
				CLANG_WARN_INT_CONVERSION = YES;
				CLANG_WARN_NON_LITERAL_NULL_CONVERSION = YES;
				CLANG_WARN_OBJC_IMPLICIT_RETAIN_SELF = YES;
				CLANG_WARN_OBJC_LITERAL_CONVERSION = YES;
				CLANG_WARN_OBJC_ROOT_CLASS = YES_ERROR;
				CLANG_WARN_RANGE_LOOP_ANALYSIS = YES;
				CLANG_WARN_STRICT_PROTOTYPES = YES;
				CLANG_WARN_SUSPICIOUS_MOVE = YES;
				CLANG_WARN_UNGUARDED_AVAILABILITY = YES_AGGRESSIVE;
				CLANG_WARN_UNREACHABLE_CODE = YES;
				CLANG_WARN__DUPLICATE_METHOD_MATCH = YES;
				COPY_PHASE_STRIP = NO;
				DEBUG_INFORMATION_FORMAT = "dwarf-with-dsym";
				ENABLE_NS_ASSERTIONS = NO;
				ENABLE_STRICT_OBJC_MSGSEND = YES;
				GCC_C_LANGUAGE_STANDARD = gnu11;
				GCC_NO_COMMON_BLOCKS = YES;
				GCC_WARN_64_TO_32_BIT_CONVERSION = YES;
				GCC_WARN_ABOUT_RETURN_TYPE = YES_ERROR;
				GCC_WARN_UNDECLARED_SELECTOR = YES;
				GCC_WARN_UNINITIALIZED_AUTOS = YES_AGGRESSIVE;
				GCC_WARN_UNUSED_FUNCTION = YES;
				GCC_WARN_UNUSED_VARIABLE = YES;
				IPHONEOS_DEPLOYMENT_TARGET = 13.1;
				MTL_ENABLE_DEBUG_INFO = NO;
				MTL_FAST_MATH = YES;
				SDKROOT = iphoneos;
				SWIFT_COMPILATION_MODE = wholemodule;
				SWIFT_OPTIMIZATION_LEVEL = "-O";
				VALIDATE_PRODUCT = YES;
			};
			name = Release;
		};
		90830887236AE56D00DBC014 /* Debug */ = {
			isa = XCBuildConfiguration;
			buildSettings = {
				ASSETCATALOG_COMPILER_APPICON_NAME = AppIcon;
				CODE_SIGN_ENTITLEMENTS = "DJ Drum/DJ Drum.entitlements";
				CODE_SIGN_STYLE = Automatic;
				DERIVE_MACCATALYST_PRODUCT_BUNDLE_IDENTIFIER = YES;
				DEVELOPMENT_ASSET_PATHS = "\"DJ Drum/Preview Content\"";
				DEVELOPMENT_TEAM = 975R26MN46;
				ENABLE_PREVIEWS = YES;
				INFOPLIST_FILE = "DJ Drum/Info.plist";
				LD_RUNPATH_SEARCH_PATHS = (
					"$(inherited)",
					"@executable_path/Frameworks",
				);
				PRODUCT_BUNDLE_IDENTIFIER = "com.michelegruppioni.DJ-Drum";
				PRODUCT_NAME = "$(TARGET_NAME)";
				SUPPORTS_MACCATALYST = YES;
				SWIFT_VERSION = 5.0;
				TARGETED_DEVICE_FAMILY = "1,2";
			};
			name = Debug;
		};
		90830888236AE56D00DBC014 /* Release */ = {
			isa = XCBuildConfiguration;
			buildSettings = {
				ASSETCATALOG_COMPILER_APPICON_NAME = AppIcon;
				CODE_SIGN_ENTITLEMENTS = "DJ Drum/DJ Drum.entitlements";
				CODE_SIGN_STYLE = Automatic;
				DERIVE_MACCATALYST_PRODUCT_BUNDLE_IDENTIFIER = YES;
				DEVELOPMENT_ASSET_PATHS = "\"DJ Drum/Preview Content\"";
				DEVELOPMENT_TEAM = 975R26MN46;
				ENABLE_PREVIEWS = YES;
				INFOPLIST_FILE = "DJ Drum/Info.plist";
				LD_RUNPATH_SEARCH_PATHS = (
					"$(inherited)",
					"@executable_path/Frameworks",
				);
				PRODUCT_BUNDLE_IDENTIFIER = "com.michelegruppioni.DJ-Drum";
				PRODUCT_NAME = "$(TARGET_NAME)";
				SUPPORTS_MACCATALYST = YES;
				SWIFT_VERSION = 5.0;
				TARGETED_DEVICE_FAMILY = "1,2";
			};
			name = Release;
		};
		9083088A236AE56D00DBC014 /* Debug */ = {
			isa = XCBuildConfiguration;
			buildSettings = {
				ALWAYS_EMBED_SWIFT_STANDARD_LIBRARIES = YES;
				BUNDLE_LOADER = "$(TEST_HOST)";
				CODE_SIGN_STYLE = Automatic;
				DEVELOPMENT_TEAM = 975R26MN46;
				INFOPLIST_FILE = "DJ DrumTests/Info.plist";
				IPHONEOS_DEPLOYMENT_TARGET = 13.1;
				LD_RUNPATH_SEARCH_PATHS = (
					"$(inherited)",
					"@executable_path/Frameworks",
					"@loader_path/Frameworks",
				);
				PRODUCT_BUNDLE_IDENTIFIER = "com.michelegruppioni.DJ-DrumTests";
				PRODUCT_NAME = "$(TARGET_NAME)";
				SWIFT_VERSION = 5.0;
				TARGETED_DEVICE_FAMILY = "1,2";
				TEST_HOST = "$(BUILT_PRODUCTS_DIR)/DJ Drum.app/DJ Drum";
			};
			name = Debug;
		};
		9083088B236AE56D00DBC014 /* Release */ = {
			isa = XCBuildConfiguration;
			buildSettings = {
				ALWAYS_EMBED_SWIFT_STANDARD_LIBRARIES = YES;
				BUNDLE_LOADER = "$(TEST_HOST)";
				CODE_SIGN_STYLE = Automatic;
				DEVELOPMENT_TEAM = 975R26MN46;
				INFOPLIST_FILE = "DJ DrumTests/Info.plist";
				IPHONEOS_DEPLOYMENT_TARGET = 13.1;
				LD_RUNPATH_SEARCH_PATHS = (
					"$(inherited)",
					"@executable_path/Frameworks",
					"@loader_path/Frameworks",
				);
				PRODUCT_BUNDLE_IDENTIFIER = "com.michelegruppioni.DJ-DrumTests";
				PRODUCT_NAME = "$(TARGET_NAME)";
				SWIFT_VERSION = 5.0;
				TARGETED_DEVICE_FAMILY = "1,2";
				TEST_HOST = "$(BUILT_PRODUCTS_DIR)/DJ Drum.app/DJ Drum";
			};
			name = Release;
		};
/* End XCBuildConfiguration section */

/* Begin XCConfigurationList section */
		90830862236AE56C00DBC014 /* Build configuration list for PBXProject "DJ Drum" */ = {
			isa = XCConfigurationList;
			buildConfigurations = (
				90830884236AE56D00DBC014 /* Debug */,
				90830885236AE56D00DBC014 /* Release */,
			);
			defaultConfigurationIsVisible = 0;
			defaultConfigurationName = Release;
		};
		90830886236AE56D00DBC014 /* Build configuration list for PBXNativeTarget "DJ Drum" */ = {
			isa = XCConfigurationList;
			buildConfigurations = (
				90830887236AE56D00DBC014 /* Debug */,
				90830888236AE56D00DBC014 /* Release */,
			);
			defaultConfigurationIsVisible = 0;
			defaultConfigurationName = Release;
		};
		90830889236AE56D00DBC014 /* Build configuration list for PBXNativeTarget "DJ DrumTests" */ = {
			isa = XCConfigurationList;
			buildConfigurations = (
				9083088A236AE56D00DBC014 /* Debug */,
				9083088B236AE56D00DBC014 /* Release */,
			);
			defaultConfigurationIsVisible = 0;
			defaultConfigurationName = Release;
		};
/* End XCConfigurationList section */

/* Begin XCRemoteSwiftPackageReference section */
		908308E6236AE82C00DBC014 /* XCRemoteSwiftPackageReference "R.swift" */ = {
			isa = XCRemoteSwiftPackageReference;
			repositoryURL = "https://github.com/mac-cain13/R.swift.Library";
			requirement = {
				kind = upToNextMajorVersion;
				minimumVersion = 5.1.0;
			};
		};
/* End XCRemoteSwiftPackageReference section */

/* Begin XCSwiftPackageProductDependency section */
		908308E7236AE82C00DBC014 /* Rswift */ = {
			isa = XCSwiftPackageProductDependency;
			package = 908308E6236AE82C00DBC014 /* XCRemoteSwiftPackageReference "R.swift" */;
			productName = Rswift;
		};
/* End XCSwiftPackageProductDependency section */
	};
	rootObject = 9083085F236AE56C00DBC014 /* Project object */;
}
