{
  "object": {
    "pins": [
      {
        "package": "GridStack",
        "repositoryURL": "https://github.com/pietropizzi/GridStack.git",
        "state": {
          "branch": null,
          "revision": "32beadda5eacbb05f4d5195df3b049d5e040f5db",
          "version": "0.4.1"
        }
      },
      {
        "package": "R.swift.Library",
        "repositoryURL": "https://github.com/mac-cain13/R.swift.Library",
        "state": {
          "branch": null,
          "revision": "4a09ece7d0a30edcd95462ce7d252dd4d3a49843",
          "version": "5.1.0"
        }
      }
    ]
  },
  "version": 1
}
